
Microsoft Visual Studio Solution File, Format Version 12.00
# Visual Studio Version 16
VisualStudioVersion = 16.0.28803.156
MinimumVisualStudioVersion = 10.0.40219.1
Project("{9A19103F-16F7-4668-BE54-9A1E7A4F7556}") = "Common.Web.TokenProvider", "Common.Web.TokenProvider\Common.Web.TokenProvider.csproj", "{60110756-63B8-4263-BD1A-2492A04BF37B}"
EndProject
Project("{9A19103F-16F7-4668-BE54-9A1E7A4F7556}") = "Common.Printer.UsbPos.Service", "Common.Printer.UsbPos.Service\Common.Printer.UsbPos.Service.csproj", "{00D2CA52-B732-44B5-89D9-CBC66DFC10FD}"
EndProject
Project("{9A19103F-16F7-4668-BE54-9A1E7A4F7556}") = "Common.Standard", "Common.Standard\Common.Standard.csproj", "{01B7D7DF-9C32-425D-9B53-737519345032}"
EndProject
Project("{FAE04EC0-301F-11D3-BF4B-00C04F79EFBC}") = "Common.Uwp", "Common.Uwp\Common.Uwp.csproj", "{E535535B-B033-4F77-BD09-2C6EF2054B5D}"
EndProject
Project("{9A19103F-16F7-4668-BE54-9A1E7A4F7556}") = "Common.Data", "Common.Data\Common.Data.csproj", "{630CD9E5-438B-46B0-A504-ACAF584A38CA}"
EndProject
Project("{FAE04EC0-301F-11D3-BF4B-00C04F79EFBC}") = "Common.Uwp.Controls.Validation", "Common.Uwp.Controls.Validation\Common.Uwp.Controls.Validation.csproj", "{15B8B24C-ABAC-48F7-B728-82A084A80972}"
EndProject
Project("{FAE04EC0-301F-11D3-BF4B-00C04F79EFBC}") = "Samples.Uwp", "Samples.Uwp\Samples.Uwp.csproj", "{9FB8D2FD-2C73-4E1F-B428-F6029B78E42B}"
EndProject
Global
	GlobalSection(SolutionConfigurationPlatforms) = preSolution
		Debug|Any CPU = Debug|Any CPU
		Debug|ARM = Debug|ARM
		Debug|ARM64 = Debug|ARM64
		Debug|x64 = Debug|x64
		Debug|x86 = Debug|x86
		Release|Any CPU = Release|Any CPU
		Release|ARM = Release|ARM
		Release|ARM64 = Release|ARM64
		Release|x64 = Release|x64
		Release|x86 = Release|x86
	EndGlobalSection
	GlobalSection(ProjectConfigurationPlatforms) = postSolution
		{60110756-63B8-4263-BD1A-2492A04BF37B}.Debug|Any CPU.ActiveCfg = Debug|Any CPU
		{60110756-63B8-4263-BD1A-2492A04BF37B}.Debug|Any CPU.Build.0 = Debug|Any CPU
		{60110756-63B8-4263-BD1A-2492A04BF37B}.Debug|ARM.ActiveCfg = Debug|Any CPU
		{60110756-63B8-4263-BD1A-2492A04BF37B}.Debug|ARM.Build.0 = Debug|Any CPU
		{60110756-63B8-4263-BD1A-2492A04BF37B}.Debug|ARM64.ActiveCfg = Debug|Any CPU
		{60110756-63B8-4263-BD1A-2492A04BF37B}.Debug|ARM64.Build.0 = Debug|Any CPU
		{60110756-63B8-4263-BD1A-2492A04BF37B}.Debug|x64.ActiveCfg = Debug|Any CPU
		{60110756-63B8-4263-BD1A-2492A04BF37B}.Debug|x64.Build.0 = Debug|Any CPU
		{60110756-63B8-4263-BD1A-2492A04BF37B}.Debug|x86.ActiveCfg = Debug|Any CPU
		{60110756-63B8-4263-BD1A-2492A04BF37B}.Debug|x86.Build.0 = Debug|Any CPU
		{60110756-63B8-4263-BD1A-2492A04BF37B}.Release|Any CPU.ActiveCfg = Release|Any CPU
		{60110756-63B8-4263-BD1A-2492A04BF37B}.Release|Any CPU.Build.0 = Release|Any CPU
		{60110756-63B8-4263-BD1A-2492A04BF37B}.Release|ARM.ActiveCfg = Release|Any CPU
		{60110756-63B8-4263-BD1A-2492A04BF37B}.Release|ARM.Build.0 = Release|Any CPU
		{60110756-63B8-4263-BD1A-2492A04BF37B}.Release|ARM64.ActiveCfg = Release|Any CPU
		{60110756-63B8-4263-BD1A-2492A04BF37B}.Release|ARM64.Build.0 = Release|Any CPU
		{60110756-63B8-4263-BD1A-2492A04BF37B}.Release|x64.ActiveCfg = Release|Any CPU
		{60110756-63B8-4263-BD1A-2492A04BF37B}.Release|x64.Build.0 = Release|Any CPU
		{60110756-63B8-4263-BD1A-2492A04BF37B}.Release|x86.ActiveCfg = Release|Any CPU
		{60110756-63B8-4263-BD1A-2492A04BF37B}.Release|x86.Build.0 = Release|Any CPU
		{00D2CA52-B732-44B5-89D9-CBC66DFC10FD}.Debug|Any CPU.ActiveCfg = Debug|Any CPU
		{00D2CA52-B732-44B5-89D9-CBC66DFC10FD}.Debug|Any CPU.Build.0 = Debug|Any CPU
		{00D2CA52-B732-44B5-89D9-CBC66DFC10FD}.Debug|ARM.ActiveCfg = Debug|Any CPU
		{00D2CA52-B732-44B5-89D9-CBC66DFC10FD}.Debug|ARM.Build.0 = Debug|Any CPU
		{00D2CA52-B732-44B5-89D9-CBC66DFC10FD}.Debug|ARM64.ActiveCfg = Debug|Any CPU
		{00D2CA52-B732-44B5-89D9-CBC66DFC10FD}.Debug|ARM64.Build.0 = Debug|Any CPU
		{00D2CA52-B732-44B5-89D9-CBC66DFC10FD}.Debug|x64.ActiveCfg = Debug|Any CPU
		{00D2CA52-B732-44B5-89D9-CBC66DFC10FD}.Debug|x64.Build.0 = Debug|Any CPU
		{00D2CA52-B732-44B5-89D9-CBC66DFC10FD}.Debug|x86.ActiveCfg = Debug|Any CPU
		{00D2CA52-B732-44B5-89D9-CBC66DFC10FD}.Debug|x86.Build.0 = Debug|Any CPU
		{00D2CA52-B732-44B5-89D9-CBC66DFC10FD}.Release|Any CPU.ActiveCfg = Release|Any CPU
		{00D2CA52-B732-44B5-89D9-CBC66DFC10FD}.Release|Any CPU.Build.0 = Release|Any CPU
		{00D2CA52-B732-44B5-89D9-CBC66DFC10FD}.Release|ARM.ActiveCfg = Release|Any CPU
		{00D2CA52-B732-44B5-89D9-CBC66DFC10FD}.Release|ARM.Build.0 = Release|Any CPU
		{00D2CA52-B732-44B5-89D9-CBC66DFC10FD}.Release|ARM64.ActiveCfg = Release|Any CPU
		{00D2CA52-B732-44B5-89D9-CBC66DFC10FD}.Release|ARM64.Build.0 = Release|Any CPU
		{00D2CA52-B732-44B5-89D9-CBC66DFC10FD}.Release|x64.ActiveCfg = Release|Any CPU
		{00D2CA52-B732-44B5-89D9-CBC66DFC10FD}.Release|x64.Build.0 = Release|Any CPU
		{00D2CA52-B732-44B5-89D9-CBC66DFC10FD}.Release|x86.ActiveCfg = Release|Any CPU
		{00D2CA52-B732-44B5-89D9-CBC66DFC10FD}.Release|x86.Build.0 = Release|Any CPU
		{01B7D7DF-9C32-425D-9B53-737519345032}.Debug|Any CPU.ActiveCfg = Debug|Any CPU
		{01B7D7DF-9C32-425D-9B53-737519345032}.Debug|Any CPU.Build.0 = Debug|Any CPU
		{01B7D7DF-9C32-425D-9B53-737519345032}.Debug|ARM.ActiveCfg = Debug|Any CPU
		{01B7D7DF-9C32-425D-9B53-737519345032}.Debug|ARM.Build.0 = Debug|Any CPU
		{01B7D7DF-9C32-425D-9B53-737519345032}.Debug|ARM64.ActiveCfg = Debug|Any CPU
		{01B7D7DF-9C32-425D-9B53-737519345032}.Debug|ARM64.Build.0 = Debug|Any CPU
		{01B7D7DF-9C32-425D-9B53-737519345032}.Debug|x64.ActiveCfg = Debug|Any CPU
		{01B7D7DF-9C32-425D-9B53-737519345032}.Debug|x64.Build.0 = Debug|Any CPU
		{01B7D7DF-9C32-425D-9B53-737519345032}.Debug|x86.ActiveCfg = Debug|Any CPU
		{01B7D7DF-9C32-425D-9B53-737519345032}.Debug|x86.Build.0 = Debug|Any CPU
		{01B7D7DF-9C32-425D-9B53-737519345032}.Release|Any CPU.ActiveCfg = Release|Any CPU
		{01B7D7DF-9C32-425D-9B53-737519345032}.Release|Any CPU.Build.0 = Release|Any CPU
		{01B7D7DF-9C32-425D-9B53-737519345032}.Release|ARM.ActiveCfg = Release|Any CPU
		{01B7D7DF-9C32-425D-9B53-737519345032}.Release|ARM.Build.0 = Release|Any CPU
		{01B7D7DF-9C32-425D-9B53-737519345032}.Release|ARM64.ActiveCfg = Release|Any CPU
		{01B7D7DF-9C32-425D-9B53-737519345032}.Release|ARM64.Build.0 = Release|Any CPU
		{01B7D7DF-9C32-425D-9B53-737519345032}.Release|x64.ActiveCfg = Release|Any CPU
		{01B7D7DF-9C32-425D-9B53-737519345032}.Release|x64.Build.0 = Release|Any CPU
		{01B7D7DF-9C32-425D-9B53-737519345032}.Release|x86.ActiveCfg = Release|Any CPU
		{01B7D7DF-9C32-425D-9B53-737519345032}.Release|x86.Build.0 = Release|Any CPU
		{E535535B-B033-4F77-BD09-2C6EF2054B5D}.Debug|Any CPU.ActiveCfg = Debug|Any CPU
		{E535535B-B033-4F77-BD09-2C6EF2054B5D}.Debug|Any CPU.Build.0 = Debug|Any CPU
		{E535535B-B033-4F77-BD09-2C6EF2054B5D}.Debug|ARM.ActiveCfg = Debug|ARM
		{E535535B-B033-4F77-BD09-2C6EF2054B5D}.Debug|ARM.Build.0 = Debug|ARM
		{E535535B-B033-4F77-BD09-2C6EF2054B5D}.Debug|ARM64.ActiveCfg = Debug|ARM64
		{E535535B-B033-4F77-BD09-2C6EF2054B5D}.Debug|ARM64.Build.0 = Debug|ARM64
		{E535535B-B033-4F77-BD09-2C6EF2054B5D}.Debug|x64.ActiveCfg = Debug|x64
		{E535535B-B033-4F77-BD09-2C6EF2054B5D}.Debug|x64.Build.0 = Debug|x64
		{E535535B-B033-4F77-BD09-2C6EF2054B5D}.Debug|x86.ActiveCfg = Debug|x86
		{E535535B-B033-4F77-BD09-2C6EF2054B5D}.Debug|x86.Build.0 = Debug|x86
		{E535535B-B033-4F77-BD09-2C6EF2054B5D}.Release|Any CPU.ActiveCfg = Release|Any CPU
		{E535535B-B033-4F77-BD09-2C6EF2054B5D}.Release|Any CPU.Build.0 = Release|Any CPU
		{E535535B-B033-4F77-BD09-2C6EF2054B5D}.Release|ARM.ActiveCfg = Release|ARM
		{E535535B-B033-4F77-BD09-2C6EF2054B5D}.Release|ARM.Build.0 = Release|ARM
		{E535535B-B033-4F77-BD09-2C6EF2054B5D}.Release|ARM64.ActiveCfg = Release|ARM64
		{E535535B-B033-4F77-BD09-2C6EF2054B5D}.Release|ARM64.Build.0 = Release|ARM64
		{E535535B-B033-4F77-BD09-2C6EF2054B5D}.Release|x64.ActiveCfg = Release|x64
		{E535535B-B033-4F77-BD09-2C6EF2054B5D}.Release|x64.Build.0 = Release|x64
		{E535535B-B033-4F77-BD09-2C6EF2054B5D}.Release|x86.ActiveCfg = Release|x86
		{E535535B-B033-4F77-BD09-2C6EF2054B5D}.Release|x86.Build.0 = Release|x86
		{630CD9E5-438B-46B0-A504-ACAF584A38CA}.Debug|Any CPU.ActiveCfg = Debug|Any CPU
		{630CD9E5-438B-46B0-A504-ACAF584A38CA}.Debug|Any CPU.Build.0 = Debug|Any CPU
		{630CD9E5-438B-46B0-A504-ACAF584A38CA}.Debug|ARM.ActiveCfg = Debug|Any CPU
		{630CD9E5-438B-46B0-A504-ACAF584A38CA}.Debug|ARM.Build.0 = Debug|Any CPU
		{630CD9E5-438B-46B0-A504-ACAF584A38CA}.Debug|ARM64.ActiveCfg = Debug|Any CPU
		{630CD9E5-438B-46B0-A504-ACAF584A38CA}.Debug|ARM64.Build.0 = Debug|Any CPU
		{630CD9E5-438B-46B0-A504-ACAF584A38CA}.Debug|x64.ActiveCfg = Debug|Any CPU
		{630CD9E5-438B-46B0-A504-ACAF584A38CA}.Debug|x64.Build.0 = Debug|Any CPU
		{630CD9E5-438B-46B0-A504-ACAF584A38CA}.Debug|x86.ActiveCfg = Debug|Any CPU
		{630CD9E5-438B-46B0-A504-ACAF584A38CA}.Debug|x86.Build.0 = Debug|Any CPU
		{630CD9E5-438B-46B0-A504-ACAF584A38CA}.Release|Any CPU.ActiveCfg = Release|Any CPU
		{630CD9E5-438B-46B0-A504-ACAF584A38CA}.Release|Any CPU.Build.0 = Release|Any CPU
		{630CD9E5-438B-46B0-A504-ACAF584A38CA}.Release|ARM.ActiveCfg = Release|Any CPU
		{630CD9E5-438B-46B0-A504-ACAF584A38CA}.Release|ARM.Build.0 = Release|Any CPU
		{630CD9E5-438B-46B0-A504-ACAF584A38CA}.Release|ARM64.ActiveCfg = Release|Any CPU
		{630CD9E5-438B-46B0-A504-ACAF584A38CA}.Release|ARM64.Build.0 = Release|Any CPU
		{630CD9E5-438B-46B0-A504-ACAF584A38CA}.Release|x64.ActiveCfg = Release|Any CPU
		{630CD9E5-438B-46B0-A504-ACAF584A38CA}.Release|x64.Build.0 = Release|Any CPU
		{630CD9E5-438B-46B0-A504-ACAF584A38CA}.Release|x86.ActiveCfg = Release|Any CPU
		{15B8B24C-ABAC-48F7-B728-82A084A80972}.Debug|Any CPU.ActiveCfg = Debug|Any CPU
		{15B8B24C-ABAC-48F7-B728-82A084A80972}.Debug|Any CPU.Build.0 = Debug|Any CPU
		{15B8B24C-ABAC-48F7-B728-82A084A80972}.Debug|ARM.ActiveCfg = Debug|ARM
		{15B8B24C-ABAC-48F7-B728-82A084A80972}.Debug|ARM.Build.0 = Debug|ARM
		{15B8B24C-ABAC-48F7-B728-82A084A80972}.Debug|ARM64.ActiveCfg = Debug|ARM64
		{15B8B24C-ABAC-48F7-B728-82A084A80972}.Debug|ARM64.Build.0 = Debug|ARM64
		{15B8B24C-ABAC-48F7-B728-82A084A80972}.Debug|x64.ActiveCfg = Debug|x64
		{15B8B24C-ABAC-48F7-B728-82A084A80972}.Debug|x64.Build.0 = Debug|x64
		{15B8B24C-ABAC-48F7-B728-82A084A80972}.Debug|x86.ActiveCfg = Debug|x86
		{15B8B24C-ABAC-48F7-B728-82A084A80972}.Debug|x86.Build.0 = Debug|x86
		{15B8B24C-ABAC-48F7-B728-82A084A80972}.Release|Any CPU.ActiveCfg = Release|Any CPU
		{15B8B24C-ABAC-48F7-B728-82A084A80972}.Release|Any CPU.Build.0 = Release|Any CPU
		{15B8B24C-ABAC-48F7-B728-82A084A80972}.Release|ARM.ActiveCfg = Release|ARM
		{15B8B24C-ABAC-48F7-B728-82A084A80972}.Release|ARM.Build.0 = Release|ARM
		{15B8B24C-ABAC-48F7-B728-82A084A80972}.Release|ARM64.ActiveCfg = Release|ARM64
		{15B8B24C-ABAC-48F7-B728-82A084A80972}.Release|ARM64.Build.0 = Release|ARM64
		{15B8B24C-ABAC-48F7-B728-82A084A80972}.Release|x64.ActiveCfg = Release|x64
		{15B8B24C-ABAC-48F7-B728-82A084A80972}.Release|x64.Build.0 = Release|x64
		{15B8B24C-ABAC-48F7-B728-82A084A80972}.Release|x86.ActiveCfg = Release|x86
		{15B8B24C-ABAC-48F7-B728-82A084A80972}.Release|x86.Build.0 = Release|x86
		{9FB8D2FD-2C73-4E1F-B428-F6029B78E42B}.Debug|Any CPU.ActiveCfg = Debug|x86
		{9FB8D2FD-2C73-4E1F-B428-F6029B78E42B}.Debug|ARM.ActiveCfg = Debug|ARM
		{9FB8D2FD-2C73-4E1F-B428-F6029B78E42B}.Debug|ARM.Build.0 = Debug|ARM
		{9FB8D2FD-2C73-4E1F-B428-F6029B78E42B}.Debug|ARM.Deploy.0 = Debug|ARM
		{9FB8D2FD-2C73-4E1F-B428-F6029B78E42B}.Debug|ARM64.ActiveCfg = Debug|ARM64
		{9FB8D2FD-2C73-4E1F-B428-F6029B78E42B}.Debug|ARM64.Build.0 = Debug|ARM64
		{9FB8D2FD-2C73-4E1F-B428-F6029B78E42B}.Debug|ARM64.Deploy.0 = Debug|ARM64
		{9FB8D2FD-2C73-4E1F-B428-F6029B78E42B}.Debug|x64.ActiveCfg = Debug|x64
		{9FB8D2FD-2C73-4E1F-B428-F6029B78E42B}.Debug|x64.Build.0 = Debug|x64
		{9FB8D2FD-2C73-4E1F-B428-F6029B78E42B}.Debug|x64.Deploy.0 = Debug|x64
		{9FB8D2FD-2C73-4E1F-B428-F6029B78E42B}.Debug|x86.ActiveCfg = Debug|x86
		{9FB8D2FD-2C73-4E1F-B428-F6029B78E42B}.Debug|x86.Build.0 = Debug|x86
		{9FB8D2FD-2C73-4E1F-B428-F6029B78E42B}.Debug|x86.Deploy.0 = Debug|x86
		{9FB8D2FD-2C73-4E1F-B428-F6029B78E42B}.Release|Any CPU.ActiveCfg = Release|x86
		{9FB8D2FD-2C73-4E1F-B428-F6029B78E42B}.Release|ARM.ActiveCfg = Release|ARM
		{9FB8D2FD-2C73-4E1F-B428-F6029B78E42B}.Release|ARM.Build.0 = Release|ARM
		{9FB8D2FD-2C73-4E1F-B428-F6029B78E42B}.Release|ARM.Deploy.0 = Release|ARM
		{9FB8D2FD-2C73-4E1F-B428-F6029B78E42B}.Release|ARM64.ActiveCfg = Release|ARM64
		{9FB8D2FD-2C73-4E1F-B428-F6029B78E42B}.Release|ARM64.Build.0 = Release|ARM64
		{9FB8D2FD-2C73-4E1F-B428-F6029B78E42B}.Release|ARM64.Deploy.0 = Release|ARM64
		{9FB8D2FD-2C73-4E1F-B428-F6029B78E42B}.Release|x64.ActiveCfg = Release|x64
		{9FB8D2FD-2C73-4E1F-B428-F6029B78E42B}.Release|x64.Build.0 = Release|x64
		{9FB8D2FD-2C73-4E1F-B428-F6029B78E42B}.Release|x64.Deploy.0 = Release|x64
		{9FB8D2FD-2C73-4E1F-B428-F6029B78E42B}.Release|x86.ActiveCfg = Release|x86
		{9FB8D2FD-2C73-4E1F-B428-F6029B78E42B}.Release|x86.Build.0 = Release|x86
		{9FB8D2FD-2C73-4E1F-B428-F6029B78E42B}.Release|x86.Deploy.0 = Release|x86
	EndGlobalSection
	GlobalSection(SolutionProperties) = preSolution
		HideSolutionNode = FALSE
	EndGlobalSection
	GlobalSection(ExtensibilityGlobals) = postSolution
		SolutionGuid = {8A035CBB-81CA-440F-B135-B44184574F05}
	EndGlobalSection
EndGlobal
