
Microsoft Visual Studio Solution File, Format Version 12.00
# Visual Studio Version 16
VisualStudioVersion = 16.0.28803.156
MinimumVisualStudioVersion = 10.0.40219.1
Project("{9A19103F-16F7-4668-BE54-9A1E7A4F7556}") = "UwpCommunity.Web.TokenProvider", "UwpCommunity.Web.TokenProvider\UwpCommunity.Web.TokenProvider.csproj", "{60110756-63B8-4263-BD1A-2492A04BF37B}"
EndProject
Project("{9A19103F-16F7-4668-BE54-9A1E7A4F7556}") = "UwpCommunity.Standard", "UwpCommunity.Standard\UwpCommunity.Standard.csproj", "{01B7D7DF-9C32-425D-9B53-737519345032}"
EndProject
Project("{FAE04EC0-301F-11D3-BF4B-00C04F79EFBC}") = "UwpCommunity.Uwp", "UwpCommunity.Uwp\UwpCommunity.Uwp.csproj", "{E535535B-B033-4F77-BD09-2C6EF2054B5D}"
EndProject
Project("{FAE04EC0-301F-11D3-BF4B-00C04F79EFBC}") = "UwpCommunity.Uwp.Controls.Validation", "UwpCommunity.Uwp.Controls.Validation\UwpCommunity.Uwp.Controls.Validation.csproj", "{15B8B24C-ABAC-48F7-B728-82A084A80972}"
EndProject
Project("{FAE04EC0-301F-11D3-BF4B-00C04F79EFBC}") = "UwpCommunity.Uwp.Samples", "UwpCommunity.Uwp.Samples\UwpCommunity.Uwp.Samples.csproj", "{9FB8D2FD-2C73-4E1F-B428-F6029B78E42B}"
EndProject
Project("{9A19103F-16F7-4668-BE54-9A1E7A4F7556}") = "UwpCommunity.Standard.Data", "UwpCommunity.Standard.Data\UwpCommunity.Standard.Data.csproj", "{3F42AE3F-E4F8-4F91-BA04-10290C4B9B29}"
EndProject
Project("{9A19103F-16F7-4668-BE54-9A1E7A4F7556}") = "UwpCommunity.Standard.Printer", "UwpCommunity.Standard.Printer\UwpCommunity.Standard.Printer.csproj", "{A82DDA02-DDE6-4177-9CE8-4892C9DE2BDF}"
EndProject
Project("{FAE04EC0-301F-11D3-BF4B-00C04F79EFBC}") = "UwpCommunity.Uwp.Printer", "UwpCommunity.Uwp.Printer\UwpCommunity.Uwp.Printer.csproj", "{D6CBD581-1DBC-45A1-9B0F-2B3CA23AB792}"
EndProject
Global
	GlobalSection(SolutionConfigurationPlatforms) = preSolution
		Debug|Any CPU = Debug|Any CPU
		Debug|ARM = Debug|ARM
		Debug|ARM64 = Debug|ARM64
		Debug|x64 = Debug|x64
		Debug|x86 = Debug|x86
		Release|Any CPU = Release|Any CPU
		Release|ARM = Release|ARM
		Release|ARM64 = Release|ARM64
		Release|x64 = Release|x64
		Release|x86 = Release|x86
	EndGlobalSection
	GlobalSection(ProjectConfigurationPlatforms) = postSolution
		{60110756-63B8-4263-BD1A-2492A04BF37B}.Debug|Any CPU.ActiveCfg = Debug|Any CPU
		{60110756-63B8-4263-BD1A-2492A04BF37B}.Debug|Any CPU.Build.0 = Debug|Any CPU
		{60110756-63B8-4263-BD1A-2492A04BF37B}.Debug|ARM.ActiveCfg = Debug|Any CPU
		{60110756-63B8-4263-BD1A-2492A04BF37B}.Debug|ARM.Build.0 = Debug|Any CPU
		{60110756-63B8-4263-BD1A-2492A04BF37B}.Debug|ARM64.ActiveCfg = Debug|Any CPU
		{60110756-63B8-4263-BD1A-2492A04BF37B}.Debug|ARM64.Build.0 = Debug|Any CPU
		{60110756-63B8-4263-BD1A-2492A04BF37B}.Debug|x64.ActiveCfg = Debug|Any CPU
		{60110756-63B8-4263-BD1A-2492A04BF37B}.Debug|x64.Build.0 = Debug|Any CPU
		{60110756-63B8-4263-BD1A-2492A04BF37B}.Debug|x86.ActiveCfg = Debug|Any CPU
		{60110756-63B8-4263-BD1A-2492A04BF37B}.Debug|x86.Build.0 = Debug|Any CPU
		{60110756-63B8-4263-BD1A-2492A04BF37B}.Release|Any CPU.ActiveCfg = Release|Any CPU
		{60110756-63B8-4263-BD1A-2492A04BF37B}.Release|Any CPU.Build.0 = Release|Any CPU
		{60110756-63B8-4263-BD1A-2492A04BF37B}.Release|ARM.ActiveCfg = Release|Any CPU
		{60110756-63B8-4263-BD1A-2492A04BF37B}.Release|ARM.Build.0 = Release|Any CPU
		{60110756-63B8-4263-BD1A-2492A04BF37B}.Release|ARM64.ActiveCfg = Release|Any CPU
		{60110756-63B8-4263-BD1A-2492A04BF37B}.Release|ARM64.Build.0 = Release|Any CPU
		{60110756-63B8-4263-BD1A-2492A04BF37B}.Release|x64.ActiveCfg = Release|Any CPU
		{60110756-63B8-4263-BD1A-2492A04BF37B}.Release|x64.Build.0 = Release|Any CPU
		{60110756-63B8-4263-BD1A-2492A04BF37B}.Release|x86.ActiveCfg = Release|Any CPU
		{60110756-63B8-4263-BD1A-2492A04BF37B}.Release|x86.Build.0 = Release|Any CPU
		{01B7D7DF-9C32-425D-9B53-737519345032}.Debug|Any CPU.ActiveCfg = Debug|Any CPU
		{01B7D7DF-9C32-425D-9B53-737519345032}.Debug|Any CPU.Build.0 = Debug|Any CPU
		{01B7D7DF-9C32-425D-9B53-737519345032}.Debug|ARM.ActiveCfg = Debug|Any CPU
		{01B7D7DF-9C32-425D-9B53-737519345032}.Debug|ARM.Build.0 = Debug|Any CPU
		{01B7D7DF-9C32-425D-9B53-737519345032}.Debug|ARM64.ActiveCfg = Debug|Any CPU
		{01B7D7DF-9C32-425D-9B53-737519345032}.Debug|ARM64.Build.0 = Debug|Any CPU
		{01B7D7DF-9C32-425D-9B53-737519345032}.Debug|x64.ActiveCfg = Debug|Any CPU
		{01B7D7DF-9C32-425D-9B53-737519345032}.Debug|x64.Build.0 = Debug|Any CPU
		{01B7D7DF-9C32-425D-9B53-737519345032}.Debug|x86.ActiveCfg = Debug|Any CPU
		{01B7D7DF-9C32-425D-9B53-737519345032}.Debug|x86.Build.0 = Debug|Any CPU
		{01B7D7DF-9C32-425D-9B53-737519345032}.Release|Any CPU.ActiveCfg = Release|Any CPU
		{01B7D7DF-9C32-425D-9B53-737519345032}.Release|Any CPU.Build.0 = Release|Any CPU
		{01B7D7DF-9C32-425D-9B53-737519345032}.Release|ARM.ActiveCfg = Release|Any CPU
		{01B7D7DF-9C32-425D-9B53-737519345032}.Release|ARM.Build.0 = Release|Any CPU
		{01B7D7DF-9C32-425D-9B53-737519345032}.Release|ARM64.ActiveCfg = Release|Any CPU
		{01B7D7DF-9C32-425D-9B53-737519345032}.Release|ARM64.Build.0 = Release|Any CPU
		{01B7D7DF-9C32-425D-9B53-737519345032}.Release|x64.ActiveCfg = Release|Any CPU
		{01B7D7DF-9C32-425D-9B53-737519345032}.Release|x64.Build.0 = Release|Any CPU
		{01B7D7DF-9C32-425D-9B53-737519345032}.Release|x86.ActiveCfg = Release|Any CPU
		{01B7D7DF-9C32-425D-9B53-737519345032}.Release|x86.Build.0 = Release|Any CPU
		{E535535B-B033-4F77-BD09-2C6EF2054B5D}.Debug|Any CPU.ActiveCfg = Debug|Any CPU
		{E535535B-B033-4F77-BD09-2C6EF2054B5D}.Debug|Any CPU.Build.0 = Debug|Any CPU
		{E535535B-B033-4F77-BD09-2C6EF2054B5D}.Debug|ARM.ActiveCfg = Debug|ARM
		{E535535B-B033-4F77-BD09-2C6EF2054B5D}.Debug|ARM.Build.0 = Debug|ARM
		{E535535B-B033-4F77-BD09-2C6EF2054B5D}.Debug|ARM64.ActiveCfg = Debug|ARM64
		{E535535B-B033-4F77-BD09-2C6EF2054B5D}.Debug|ARM64.Build.0 = Debug|ARM64
		{E535535B-B033-4F77-BD09-2C6EF2054B5D}.Debug|x64.ActiveCfg = Debug|x64
		{E535535B-B033-4F77-BD09-2C6EF2054B5D}.Debug|x64.Build.0 = Debug|x64
		{E535535B-B033-4F77-BD09-2C6EF2054B5D}.Debug|x86.ActiveCfg = Debug|x86
		{E535535B-B033-4F77-BD09-2C6EF2054B5D}.Debug|x86.Build.0 = Debug|x86
		{E535535B-B033-4F77-BD09-2C6EF2054B5D}.Release|Any CPU.ActiveCfg = Release|Any CPU
		{E535535B-B033-4F77-BD09-2C6EF2054B5D}.Release|Any CPU.Build.0 = Release|Any CPU
		{E535535B-B033-4F77-BD09-2C6EF2054B5D}.Release|ARM.ActiveCfg = Release|ARM
		{E535535B-B033-4F77-BD09-2C6EF2054B5D}.Release|ARM.Build.0 = Release|ARM
		{E535535B-B033-4F77-BD09-2C6EF2054B5D}.Release|ARM64.ActiveCfg = Release|ARM64
		{E535535B-B033-4F77-BD09-2C6EF2054B5D}.Release|ARM64.Build.0 = Release|ARM64
		{E535535B-B033-4F77-BD09-2C6EF2054B5D}.Release|x64.ActiveCfg = Release|x64
		{E535535B-B033-4F77-BD09-2C6EF2054B5D}.Release|x64.Build.0 = Release|x64
		{E535535B-B033-4F77-BD09-2C6EF2054B5D}.Release|x86.ActiveCfg = Release|x86
		{E535535B-B033-4F77-BD09-2C6EF2054B5D}.Release|x86.Build.0 = Release|x86
		{15B8B24C-ABAC-48F7-B728-82A084A80972}.Debug|Any CPU.ActiveCfg = Debug|Any CPU
		{15B8B24C-ABAC-48F7-B728-82A084A80972}.Debug|Any CPU.Build.0 = Debug|Any CPU
		{15B8B24C-ABAC-48F7-B728-82A084A80972}.Debug|ARM.ActiveCfg = Debug|ARM
		{15B8B24C-ABAC-48F7-B728-82A084A80972}.Debug|ARM.Build.0 = Debug|ARM
		{15B8B24C-ABAC-48F7-B728-82A084A80972}.Debug|ARM64.ActiveCfg = Debug|ARM64
		{15B8B24C-ABAC-48F7-B728-82A084A80972}.Debug|ARM64.Build.0 = Debug|ARM64
		{15B8B24C-ABAC-48F7-B728-82A084A80972}.Debug|x64.ActiveCfg = Debug|x64
		{15B8B24C-ABAC-48F7-B728-82A084A80972}.Debug|x64.Build.0 = Debug|x64
		{15B8B24C-ABAC-48F7-B728-82A084A80972}.Debug|x86.ActiveCfg = Debug|x86
		{15B8B24C-ABAC-48F7-B728-82A084A80972}.Debug|x86.Build.0 = Debug|x86
		{15B8B24C-ABAC-48F7-B728-82A084A80972}.Release|Any CPU.ActiveCfg = Release|Any CPU
		{15B8B24C-ABAC-48F7-B728-82A084A80972}.Release|Any CPU.Build.0 = Release|Any CPU
		{15B8B24C-ABAC-48F7-B728-82A084A80972}.Release|ARM.ActiveCfg = Release|ARM
		{15B8B24C-ABAC-48F7-B728-82A084A80972}.Release|ARM.Build.0 = Release|ARM
		{15B8B24C-ABAC-48F7-B728-82A084A80972}.Release|ARM64.ActiveCfg = Release|ARM64
		{15B8B24C-ABAC-48F7-B728-82A084A80972}.Release|ARM64.Build.0 = Release|ARM64
		{15B8B24C-ABAC-48F7-B728-82A084A80972}.Release|x64.ActiveCfg = Release|x64
		{15B8B24C-ABAC-48F7-B728-82A084A80972}.Release|x64.Build.0 = Release|x64
		{15B8B24C-ABAC-48F7-B728-82A084A80972}.Release|x86.ActiveCfg = Release|x86
		{15B8B24C-ABAC-48F7-B728-82A084A80972}.Release|x86.Build.0 = Release|x86
		{9FB8D2FD-2C73-4E1F-B428-F6029B78E42B}.Debug|Any CPU.ActiveCfg = Debug|x86
		{9FB8D2FD-2C73-4E1F-B428-F6029B78E42B}.Debug|ARM.ActiveCfg = Debug|ARM
		{9FB8D2FD-2C73-4E1F-B428-F6029B78E42B}.Debug|ARM.Build.0 = Debug|ARM
		{9FB8D2FD-2C73-4E1F-B428-F6029B78E42B}.Debug|ARM.Deploy.0 = Debug|ARM
		{9FB8D2FD-2C73-4E1F-B428-F6029B78E42B}.Debug|ARM64.ActiveCfg = Debug|ARM64
		{9FB8D2FD-2C73-4E1F-B428-F6029B78E42B}.Debug|ARM64.Build.0 = Debug|ARM64
		{9FB8D2FD-2C73-4E1F-B428-F6029B78E42B}.Debug|ARM64.Deploy.0 = Debug|ARM64
		{9FB8D2FD-2C73-4E1F-B428-F6029B78E42B}.Debug|x64.ActiveCfg = Debug|x64
		{9FB8D2FD-2C73-4E1F-B428-F6029B78E42B}.Debug|x64.Build.0 = Debug|x64
		{9FB8D2FD-2C73-4E1F-B428-F6029B78E42B}.Debug|x64.Deploy.0 = Debug|x64
		{9FB8D2FD-2C73-4E1F-B428-F6029B78E42B}.Debug|x86.ActiveCfg = Debug|x86
		{9FB8D2FD-2C73-4E1F-B428-F6029B78E42B}.Debug|x86.Build.0 = Debug|x86
		{9FB8D2FD-2C73-4E1F-B428-F6029B78E42B}.Debug|x86.Deploy.0 = Debug|x86
		{9FB8D2FD-2C73-4E1F-B428-F6029B78E42B}.Release|Any CPU.ActiveCfg = Release|x86
		{9FB8D2FD-2C73-4E1F-B428-F6029B78E42B}.Release|ARM.ActiveCfg = Release|ARM
		{9FB8D2FD-2C73-4E1F-B428-F6029B78E42B}.Release|ARM.Build.0 = Release|ARM
		{9FB8D2FD-2C73-4E1F-B428-F6029B78E42B}.Release|ARM.Deploy.0 = Release|ARM
		{9FB8D2FD-2C73-4E1F-B428-F6029B78E42B}.Release|ARM64.ActiveCfg = Release|ARM64
		{9FB8D2FD-2C73-4E1F-B428-F6029B78E42B}.Release|ARM64.Build.0 = Release|ARM64
		{9FB8D2FD-2C73-4E1F-B428-F6029B78E42B}.Release|ARM64.Deploy.0 = Release|ARM64
		{9FB8D2FD-2C73-4E1F-B428-F6029B78E42B}.Release|x64.ActiveCfg = Release|x64
		{9FB8D2FD-2C73-4E1F-B428-F6029B78E42B}.Release|x64.Build.0 = Release|x64
		{9FB8D2FD-2C73-4E1F-B428-F6029B78E42B}.Release|x64.Deploy.0 = Release|x64
		{9FB8D2FD-2C73-4E1F-B428-F6029B78E42B}.Release|x86.ActiveCfg = Release|x86
		{9FB8D2FD-2C73-4E1F-B428-F6029B78E42B}.Release|x86.Build.0 = Release|x86
		{9FB8D2FD-2C73-4E1F-B428-F6029B78E42B}.Release|x86.Deploy.0 = Release|x86
		{3F42AE3F-E4F8-4F91-BA04-10290C4B9B29}.Debug|Any CPU.ActiveCfg = Debug|Any CPU
		{3F42AE3F-E4F8-4F91-BA04-10290C4B9B29}.Debug|Any CPU.Build.0 = Debug|Any CPU
		{3F42AE3F-E4F8-4F91-BA04-10290C4B9B29}.Debug|ARM.ActiveCfg = Debug|Any CPU
		{3F42AE3F-E4F8-4F91-BA04-10290C4B9B29}.Debug|ARM.Build.0 = Debug|Any CPU
		{3F42AE3F-E4F8-4F91-BA04-10290C4B9B29}.Debug|ARM64.ActiveCfg = Debug|Any CPU
		{3F42AE3F-E4F8-4F91-BA04-10290C4B9B29}.Debug|ARM64.Build.0 = Debug|Any CPU
		{3F42AE3F-E4F8-4F91-BA04-10290C4B9B29}.Debug|x64.ActiveCfg = Debug|Any CPU
		{3F42AE3F-E4F8-4F91-BA04-10290C4B9B29}.Debug|x64.Build.0 = Debug|Any CPU
		{3F42AE3F-E4F8-4F91-BA04-10290C4B9B29}.Debug|x86.ActiveCfg = Debug|Any CPU
		{3F42AE3F-E4F8-4F91-BA04-10290C4B9B29}.Debug|x86.Build.0 = Debug|Any CPU
		{3F42AE3F-E4F8-4F91-BA04-10290C4B9B29}.Release|Any CPU.ActiveCfg = Release|Any CPU
		{3F42AE3F-E4F8-4F91-BA04-10290C4B9B29}.Release|Any CPU.Build.0 = Release|Any CPU
		{3F42AE3F-E4F8-4F91-BA04-10290C4B9B29}.Release|ARM.ActiveCfg = Release|Any CPU
		{3F42AE3F-E4F8-4F91-BA04-10290C4B9B29}.Release|ARM.Build.0 = Release|Any CPU
		{3F42AE3F-E4F8-4F91-BA04-10290C4B9B29}.Release|ARM64.ActiveCfg = Release|Any CPU
		{3F42AE3F-E4F8-4F91-BA04-10290C4B9B29}.Release|ARM64.Build.0 = Release|Any CPU
		{3F42AE3F-E4F8-4F91-BA04-10290C4B9B29}.Release|x64.ActiveCfg = Release|Any CPU
		{3F42AE3F-E4F8-4F91-BA04-10290C4B9B29}.Release|x64.Build.0 = Release|Any CPU
		{3F42AE3F-E4F8-4F91-BA04-10290C4B9B29}.Release|x86.ActiveCfg = Release|Any CPU
		{3F42AE3F-E4F8-4F91-BA04-10290C4B9B29}.Release|x86.Build.0 = Release|Any CPU
		{A82DDA02-DDE6-4177-9CE8-4892C9DE2BDF}.Debug|Any CPU.ActiveCfg = Debug|Any CPU
		{A82DDA02-DDE6-4177-9CE8-4892C9DE2BDF}.Debug|Any CPU.Build.0 = Debug|Any CPU
		{A82DDA02-DDE6-4177-9CE8-4892C9DE2BDF}.Debug|ARM.ActiveCfg = Debug|Any CPU
		{A82DDA02-DDE6-4177-9CE8-4892C9DE2BDF}.Debug|ARM.Build.0 = Debug|Any CPU
		{A82DDA02-DDE6-4177-9CE8-4892C9DE2BDF}.Debug|ARM64.ActiveCfg = Debug|Any CPU
		{A82DDA02-DDE6-4177-9CE8-4892C9DE2BDF}.Debug|ARM64.Build.0 = Debug|Any CPU
		{A82DDA02-DDE6-4177-9CE8-4892C9DE2BDF}.Debug|x64.ActiveCfg = Debug|Any CPU
		{A82DDA02-DDE6-4177-9CE8-4892C9DE2BDF}.Debug|x64.Build.0 = Debug|Any CPU
		{A82DDA02-DDE6-4177-9CE8-4892C9DE2BDF}.Debug|x86.ActiveCfg = Debug|Any CPU
		{A82DDA02-DDE6-4177-9CE8-4892C9DE2BDF}.Debug|x86.Build.0 = Debug|Any CPU
		{A82DDA02-DDE6-4177-9CE8-4892C9DE2BDF}.Release|Any CPU.ActiveCfg = Release|Any CPU
		{A82DDA02-DDE6-4177-9CE8-4892C9DE2BDF}.Release|Any CPU.Build.0 = Release|Any CPU
		{A82DDA02-DDE6-4177-9CE8-4892C9DE2BDF}.Release|ARM.ActiveCfg = Release|Any CPU
		{A82DDA02-DDE6-4177-9CE8-4892C9DE2BDF}.Release|ARM.Build.0 = Release|Any CPU
		{A82DDA02-DDE6-4177-9CE8-4892C9DE2BDF}.Release|ARM64.ActiveCfg = Release|Any CPU
		{A82DDA02-DDE6-4177-9CE8-4892C9DE2BDF}.Release|ARM64.Build.0 = Release|Any CPU
		{A82DDA02-DDE6-4177-9CE8-4892C9DE2BDF}.Release|x64.ActiveCfg = Release|Any CPU
		{A82DDA02-DDE6-4177-9CE8-4892C9DE2BDF}.Release|x64.Build.0 = Release|Any CPU
		{A82DDA02-DDE6-4177-9CE8-4892C9DE2BDF}.Release|x86.ActiveCfg = Release|Any CPU
		{A82DDA02-DDE6-4177-9CE8-4892C9DE2BDF}.Release|x86.Build.0 = Release|Any CPU
		{D6CBD581-1DBC-45A1-9B0F-2B3CA23AB792}.Debug|Any CPU.ActiveCfg = Debug|Any CPU
		{D6CBD581-1DBC-45A1-9B0F-2B3CA23AB792}.Debug|Any CPU.Build.0 = Debug|Any CPU
		{D6CBD581-1DBC-45A1-9B0F-2B3CA23AB792}.Debug|ARM.ActiveCfg = Debug|ARM
		{D6CBD581-1DBC-45A1-9B0F-2B3CA23AB792}.Debug|ARM.Build.0 = Debug|ARM
		{D6CBD581-1DBC-45A1-9B0F-2B3CA23AB792}.Debug|ARM64.ActiveCfg = Debug|ARM64
		{D6CBD581-1DBC-45A1-9B0F-2B3CA23AB792}.Debug|ARM64.Build.0 = Debug|ARM64
		{D6CBD581-1DBC-45A1-9B0F-2B3CA23AB792}.Debug|x64.ActiveCfg = Debug|x64
		{D6CBD581-1DBC-45A1-9B0F-2B3CA23AB792}.Debug|x64.Build.0 = Debug|x64
		{D6CBD581-1DBC-45A1-9B0F-2B3CA23AB792}.Debug|x86.ActiveCfg = Debug|x86
		{D6CBD581-1DBC-45A1-9B0F-2B3CA23AB792}.Debug|x86.Build.0 = Debug|x86
		{D6CBD581-1DBC-45A1-9B0F-2B3CA23AB792}.Release|Any CPU.ActiveCfg = Release|Any CPU
		{D6CBD581-1DBC-45A1-9B0F-2B3CA23AB792}.Release|Any CPU.Build.0 = Release|Any CPU
		{D6CBD581-1DBC-45A1-9B0F-2B3CA23AB792}.Release|ARM.ActiveCfg = Release|ARM
		{D6CBD581-1DBC-45A1-9B0F-2B3CA23AB792}.Release|ARM.Build.0 = Release|ARM
		{D6CBD581-1DBC-45A1-9B0F-2B3CA23AB792}.Release|ARM64.ActiveCfg = Release|ARM64
		{D6CBD581-1DBC-45A1-9B0F-2B3CA23AB792}.Release|ARM64.Build.0 = Release|ARM64
		{D6CBD581-1DBC-45A1-9B0F-2B3CA23AB792}.Release|x64.ActiveCfg = Release|x64
		{D6CBD581-1DBC-45A1-9B0F-2B3CA23AB792}.Release|x64.Build.0 = Release|x64
		{D6CBD581-1DBC-45A1-9B0F-2B3CA23AB792}.Release|x86.ActiveCfg = Release|x86
		{D6CBD581-1DBC-45A1-9B0F-2B3CA23AB792}.Release|x86.Build.0 = Release|x86
	EndGlobalSection
	GlobalSection(SolutionProperties) = preSolution
		HideSolutionNode = FALSE
	EndGlobalSection
	GlobalSection(ExtensibilityGlobals) = postSolution
		SolutionGuid = {8A035CBB-81CA-440F-B135-B44184574F05}
	EndGlobalSection
EndGlobal
