
Microsoft Visual Studio Solution File, Format Version 12.00
# Visual Studio Version 17
VisualStudioVersion = 17.3.32825.248
MinimumVisualStudioVersion = 10.0.40219.1
Project("{9A19103F-16F7-4668-BE54-9A1E7A4F7556}") = "Yugen.Toolkit.Web.TokenProvider", "Yugen.Toolkit.Web.TokenProvider\Yugen.Toolkit.Web.TokenProvider.csproj", "{60110756-63B8-4263-BD1A-2492A04BF37B}"
EndProject
Project("{9A19103F-16F7-4668-BE54-9A1E7A4F7556}") = "Yugen.Toolkit.Standard", "Yugen.Toolkit.Standard\Yugen.Toolkit.Standard.csproj", "{01B7D7DF-9C32-425D-9B53-737519345032}"
EndProject
Project("{FAE04EC0-301F-11D3-BF4B-00C04F79EFBC}") = "Yugen.Toolkit.Uwp", "Yugen.Toolkit.Uwp\Yugen.Toolkit.Uwp.csproj", "{E535535B-B033-4F77-BD09-2C6EF2054B5D}"
EndProject
Project("{FAE04EC0-301F-11D3-BF4B-00C04F79EFBC}") = "Yugen.Toolkit.Uwp.Samples", "Yugen.Toolkit.Uwp.Samples\Yugen.Toolkit.Uwp.Samples.csproj", "{9FB8D2FD-2C73-4E1F-B428-F6029B78E42B}"
EndProject
Project("{9A19103F-16F7-4668-BE54-9A1E7A4F7556}") = "Yugen.Toolkit.Standard.Data", "Yugen.Toolkit.Standard.Data\Yugen.Toolkit.Standard.Data.csproj", "{3F42AE3F-E4F8-4F91-BA04-10290C4B9B29}"
EndProject
Project("{9A19103F-16F7-4668-BE54-9A1E7A4F7556}") = "Yugen.Toolkit.Standard.Printer", "Yugen.Toolkit.Standard.Printer\Yugen.Toolkit.Standard.Printer.csproj", "{A82DDA02-DDE6-4177-9CE8-4892C9DE2BDF}"
EndProject
Project("{FAE04EC0-301F-11D3-BF4B-00C04F79EFBC}") = "Yugen.Toolkit.Uwp.Printer", "Yugen.Toolkit.Uwp.Printer\Yugen.Toolkit.Uwp.Printer.csproj", "{D6CBD581-1DBC-45A1-9B0F-2B3CA23AB792}"
EndProject
Project("{FAE04EC0-301F-11D3-BF4B-00C04F79EFBC}") = "Yugen.Toolkit.Uwp.Controls", "Yugen.Toolkit.Uwp.Controls\Yugen.Toolkit.Uwp.Controls.csproj", "{F41590BA-11B3-4A1F-8374-A7DE83D58DC7}"
EndProject
Project("{9A19103F-16F7-4668-BE54-9A1E7A4F7556}") = "Yugen.Toolkit.Standard.Security", "Yugen.Toolkit.Standard.Security\Yugen.Toolkit.Standard.Security.csproj", "{B7CE6823-4B61-4215-9382-F229822847E8}"
EndProject
Project("{2150E333-8FDC-42A3-9474-1A3956D46DE8}") = ".github", ".github", "{FBFFFB30-2C0E-4868-A203-D71F8918CD59}"
	ProjectSection(SolutionItems) = preProject
		.github\workflows\nuget-uwp-mvvm.yml = .github\workflows\nuget-uwp-mvvm.yml
		.github\workflows\nugetStandard.yml = .github\workflows\nugetStandard.yml
		.github\workflows\nugetStandardCore.yml = .github\workflows\nugetStandardCore.yml
		.github\workflows\nugetStandardData.yml = .github\workflows\nugetStandardData.yml
		.github\workflows\nugetUwp.yml = .github\workflows\nugetUwp.yml
		.github\workflows\nugetUwpControls.yml = .github\workflows\nugetUwpControls.yml
	EndProjectSection
EndProject
Project("{9A19103F-16F7-4668-BE54-9A1E7A4F7556}") = "Yugen.Toolkit.Core.Sample", "Yugen.Toolkit.Core.Sample\Yugen.Toolkit.Core.Sample.csproj", "{34585211-EDC5-4B82-8583-DD32226C171C}"
EndProject
Project("{9A19103F-16F7-4668-BE54-9A1E7A4F7556}") = "Yugen.Toolkit.Standard.Data.Sample", "Yugen.Toolkit.Standard.Data.Sample\Yugen.Toolkit.Standard.Data.Sample.csproj", "{48DB5037-A032-45A9-B30F-761C7D3AA5C8}"
EndProject
Project("{9A19103F-16F7-4668-BE54-9A1E7A4F7556}") = "Yugen.Toolkit.Web.Sample", "Yugen.Toolkit.Web.Sample\Yugen.Toolkit.Web.Sample.csproj", "{A5A1D563-983E-4237-80FC-725266EC0DF0}"
EndProject
Project("{9A19103F-16F7-4668-BE54-9A1E7A4F7556}") = "Yugen.Toolkit.Standard.Core", "Yugen.Toolkit.Standard.Core\Yugen.Toolkit.Standard.Core.csproj", "{242A1316-1F16-4EEC-A56A-B18C2CEEB695}"
EndProject
Project("{2150E333-8FDC-42A3-9474-1A3956D46DE8}") = "Solution Items", "Solution Items", "{8592C5F2-33C7-4073-AA3F-2EC2F01FE8A8}"
	ProjectSection(SolutionItems) = preProject
		.editorconfig = .editorconfig
		README.md = README.md
	EndProjectSection
EndProject
Project("{2150E333-8FDC-42A3-9474-1A3956D46DE8}") = "Snippets", "Snippets", "{38DFBC26-4754-45B0-A36C-6C62BA156E2B}"
EndProject
Project("{2150E333-8FDC-42A3-9474-1A3956D46DE8}") = "CS", "CS", "{0238026F-9564-418E-998F-16F4AAC9EBC3}"
	ProjectSection(SolutionItems) = preProject
		Snippets\Cs\AsyncRelayCommand.snippet = Snippets\Cs\AsyncRelayCommand.snippet
		Snippets\Cs\DataContext.snippet = Snippets\Cs\DataContext.snippet
		Snippets\Cs\NotifyProperty.snippet = Snippets\Cs\NotifyProperty.snippet
		Snippets\Cs\NotifyPropertyAction.snippet = Snippets\Cs\NotifyPropertyAction.snippet
		Snippets\Cs\NotifyPropertyWrap.snippet = Snippets\Cs\NotifyPropertyWrap.snippet
		Snippets\Cs\RelayCommand.snippet = Snippets\Cs\RelayCommand.snippet
	EndProjectSection
EndProject
Project("{2150E333-8FDC-42A3-9474-1A3956D46DE8}") = "Xaml", "Xaml", "{AA22FAC8-90D0-4FBE-B413-6C9E99A3E3E1}"
	ProjectSection(SolutionItems) = preProject
		Snippets\Xaml\Behaviors.snippet = Snippets\Xaml\Behaviors.snippet
		Snippets\Xaml\Storyboard.snippet = Snippets\Xaml\Storyboard.snippet
		Snippets\Xaml\WinUI.snippet = Snippets\Xaml\WinUI.snippet
	EndProjectSection
EndProject
Project("{FAE04EC0-301F-11D3-BF4B-00C04F79EFBC}") = "Yugen.Toolkit.Uwp.CodeChallenge.UnitTest", "Yugen.Toolkit.Uwp.CodeChallenge.UnitTest\Yugen.Toolkit.Uwp.CodeChallenge.UnitTest.csproj", "{C4291801-3352-42B7-88E0-707738E761BA}"
EndProject
Project("{FAE04EC0-301F-11D3-BF4B-00C04F79EFBC}") = "Yugen.Toolkit.Uwp.CodeChallenge", "Yugen.Toolkit.Uwp.CodeChallenge\Yugen.Toolkit.Uwp.CodeChallenge.csproj", "{0F3B0A64-8ED6-4B08-9528-2AF3F065579C}"
EndProject
Project("{FAE04EC0-301F-11D3-BF4B-00C04F79EFBC}") = "Yugen.Toolkit.Uwp.Audio.Controls", "Yugen.Toolkit.Uwp.Audio.Controls\Yugen.Toolkit.Uwp.Audio.Controls.csproj", "{A8B69E7A-9046-450F-A369-A0E29A0B57FB}"
EndProject
Project("{FAE04EC0-301F-11D3-BF4B-00C04F79EFBC}") = "Yugen.Toolkit.Uwp.Audio.Services.Abstractions", "Yugen.Toolkit.Uwp.Audio.Services.Abstractions\Yugen.Toolkit.Uwp.Audio.Services.Abstractions.csproj", "{BDD73429-0041-47D2-9CA9-8D669FFC4CDD}"
EndProject
Project("{FAE04EC0-301F-11D3-BF4B-00C04F79EFBC}") = "Yugen.Toolkit.Uwp.Audio.Services.AudioGraph", "Yugen.Toolkit.Uwp.Audio.Services.AudioGraph\Yugen.Toolkit.Uwp.Audio.Services.AudioGraph.csproj", "{196CFD93-4D2F-4CA6-B927-D5C8B9566679}"
EndProject
Project("{FAE04EC0-301F-11D3-BF4B-00C04F79EFBC}") = "Yugen.Toolkit.Uwp.Audio.Services.Bass", "Yugen.Toolkit.Uwp.Audio.Services.Bass\Yugen.Toolkit.Uwp.Audio.Services.Bass.csproj", "{E32CC781-64B3-4B05-BECE-C9E5F69E01B6}"
EndProject
Project("{FAE04EC0-301F-11D3-BF4B-00C04F79EFBC}") = "Yugen.Toolkit.Uwp.Audio.Services.Common", "Yugen.Toolkit.Uwp.Audio.Services.Common\Yugen.Toolkit.Uwp.Audio.Services.Common.csproj", "{4623F944-D15C-4364-9EE8-07F5E757A04C}"
EndProject
Project("{FAE04EC0-301F-11D3-BF4B-00C04F79EFBC}") = "Yugen.Toolkit.Uwp.Audio.Services.NAudio", "Yugen.Toolkit.Uwp.Audio.Services.NAudio\Yugen.Toolkit.Uwp.Audio.Services.NAudio.csproj", "{C36A19C8-C53A-481E-9057-A5B7FDDC988C}"
EndProject
Project("{8BC9CEB8-8B4A-11D0-8D11-00A0C91BC942}") = "AudioVisualizer", "AudioVisualizer\AudioVisualizer.vcxproj", "{DA1A2266-1149-4A19-8A3A-3F1CA7717A6F}"
EndProject
Project("{8BC9CEB8-8B4A-11D0-8D11-00A0C91BC942}") = "ScreenSenderComponent", "ScreenSenderComponent\ScreenSenderComponent.vcxproj", "{9762CC81-D63D-4952-9CBA-F812755C3444}"
EndProject
Project("{9A19103F-16F7-4668-BE54-9A1E7A4F7556}") = "Yugen.Toolkit.Uwp.Mvvm", "Yugen.Toolkit.Uwp.Mvvm\Yugen.Toolkit.Uwp.Mvvm.csproj", "{395D85CB-BCDA-4232-AA5E-C7CC30C42C2D}"
EndProject
Global
	GlobalSection(SolutionConfigurationPlatforms) = preSolution
		Debug|Any CPU = Debug|Any CPU
		Debug|ARM = Debug|ARM
		Debug|ARM64 = Debug|ARM64
		Debug|x64 = Debug|x64
		Debug|x86 = Debug|x86
		Release|Any CPU = Release|Any CPU
		Release|ARM = Release|ARM
		Release|ARM64 = Release|ARM64
		Release|x64 = Release|x64
		Release|x86 = Release|x86
	EndGlobalSection
	GlobalSection(ProjectConfigurationPlatforms) = postSolution
		{60110756-63B8-4263-BD1A-2492A04BF37B}.Debug|Any CPU.ActiveCfg = Debug|Any CPU
		{60110756-63B8-4263-BD1A-2492A04BF37B}.Debug|Any CPU.Build.0 = Debug|Any CPU
		{60110756-63B8-4263-BD1A-2492A04BF37B}.Debug|ARM.ActiveCfg = Debug|Any CPU
		{60110756-63B8-4263-BD1A-2492A04BF37B}.Debug|ARM.Build.0 = Debug|Any CPU
		{60110756-63B8-4263-BD1A-2492A04BF37B}.Debug|ARM64.ActiveCfg = Debug|Any CPU
		{60110756-63B8-4263-BD1A-2492A04BF37B}.Debug|ARM64.Build.0 = Debug|Any CPU
		{60110756-63B8-4263-BD1A-2492A04BF37B}.Debug|x64.ActiveCfg = Debug|Any CPU
		{60110756-63B8-4263-BD1A-2492A04BF37B}.Debug|x64.Build.0 = Debug|Any CPU
		{60110756-63B8-4263-BD1A-2492A04BF37B}.Debug|x86.ActiveCfg = Debug|Any CPU
		{60110756-63B8-4263-BD1A-2492A04BF37B}.Debug|x86.Build.0 = Debug|Any CPU
		{60110756-63B8-4263-BD1A-2492A04BF37B}.Release|Any CPU.ActiveCfg = Release|Any CPU
		{60110756-63B8-4263-BD1A-2492A04BF37B}.Release|Any CPU.Build.0 = Release|Any CPU
		{60110756-63B8-4263-BD1A-2492A04BF37B}.Release|ARM.ActiveCfg = Release|Any CPU
		{60110756-63B8-4263-BD1A-2492A04BF37B}.Release|ARM.Build.0 = Release|Any CPU
		{60110756-63B8-4263-BD1A-2492A04BF37B}.Release|ARM64.ActiveCfg = Release|Any CPU
		{60110756-63B8-4263-BD1A-2492A04BF37B}.Release|ARM64.Build.0 = Release|Any CPU
		{60110756-63B8-4263-BD1A-2492A04BF37B}.Release|x64.ActiveCfg = Release|Any CPU
		{60110756-63B8-4263-BD1A-2492A04BF37B}.Release|x64.Build.0 = Release|Any CPU
		{60110756-63B8-4263-BD1A-2492A04BF37B}.Release|x86.ActiveCfg = Release|Any CPU
		{60110756-63B8-4263-BD1A-2492A04BF37B}.Release|x86.Build.0 = Release|Any CPU
		{01B7D7DF-9C32-425D-9B53-737519345032}.Debug|Any CPU.ActiveCfg = Debug|Any CPU
		{01B7D7DF-9C32-425D-9B53-737519345032}.Debug|Any CPU.Build.0 = Debug|Any CPU
		{01B7D7DF-9C32-425D-9B53-737519345032}.Debug|ARM.ActiveCfg = Debug|Any CPU
		{01B7D7DF-9C32-425D-9B53-737519345032}.Debug|ARM.Build.0 = Debug|Any CPU
		{01B7D7DF-9C32-425D-9B53-737519345032}.Debug|ARM64.ActiveCfg = Debug|Any CPU
		{01B7D7DF-9C32-425D-9B53-737519345032}.Debug|ARM64.Build.0 = Debug|Any CPU
		{01B7D7DF-9C32-425D-9B53-737519345032}.Debug|x64.ActiveCfg = Debug|Any CPU
		{01B7D7DF-9C32-425D-9B53-737519345032}.Debug|x64.Build.0 = Debug|Any CPU
		{01B7D7DF-9C32-425D-9B53-737519345032}.Debug|x86.ActiveCfg = Debug|Any CPU
		{01B7D7DF-9C32-425D-9B53-737519345032}.Debug|x86.Build.0 = Debug|Any CPU
		{01B7D7DF-9C32-425D-9B53-737519345032}.Release|Any CPU.ActiveCfg = Release|Any CPU
		{01B7D7DF-9C32-425D-9B53-737519345032}.Release|Any CPU.Build.0 = Release|Any CPU
		{01B7D7DF-9C32-425D-9B53-737519345032}.Release|ARM.ActiveCfg = Release|Any CPU
		{01B7D7DF-9C32-425D-9B53-737519345032}.Release|ARM.Build.0 = Release|Any CPU
		{01B7D7DF-9C32-425D-9B53-737519345032}.Release|ARM64.ActiveCfg = Release|Any CPU
		{01B7D7DF-9C32-425D-9B53-737519345032}.Release|ARM64.Build.0 = Release|Any CPU
		{01B7D7DF-9C32-425D-9B53-737519345032}.Release|x64.ActiveCfg = Release|Any CPU
		{01B7D7DF-9C32-425D-9B53-737519345032}.Release|x64.Build.0 = Release|Any CPU
		{01B7D7DF-9C32-425D-9B53-737519345032}.Release|x86.ActiveCfg = Release|Any CPU
		{01B7D7DF-9C32-425D-9B53-737519345032}.Release|x86.Build.0 = Release|Any CPU
		{E535535B-B033-4F77-BD09-2C6EF2054B5D}.Debug|Any CPU.ActiveCfg = Debug|Any CPU
		{E535535B-B033-4F77-BD09-2C6EF2054B5D}.Debug|Any CPU.Build.0 = Debug|Any CPU
		{E535535B-B033-4F77-BD09-2C6EF2054B5D}.Debug|ARM.ActiveCfg = Debug|ARM
		{E535535B-B033-4F77-BD09-2C6EF2054B5D}.Debug|ARM.Build.0 = Debug|ARM
		{E535535B-B033-4F77-BD09-2C6EF2054B5D}.Debug|ARM64.ActiveCfg = Debug|ARM64
		{E535535B-B033-4F77-BD09-2C6EF2054B5D}.Debug|ARM64.Build.0 = Debug|ARM64
		{E535535B-B033-4F77-BD09-2C6EF2054B5D}.Debug|x64.ActiveCfg = Debug|x64
		{E535535B-B033-4F77-BD09-2C6EF2054B5D}.Debug|x64.Build.0 = Debug|x64
		{E535535B-B033-4F77-BD09-2C6EF2054B5D}.Debug|x86.ActiveCfg = Debug|x86
		{E535535B-B033-4F77-BD09-2C6EF2054B5D}.Debug|x86.Build.0 = Debug|x86
		{E535535B-B033-4F77-BD09-2C6EF2054B5D}.Release|Any CPU.ActiveCfg = Release|Any CPU
		{E535535B-B033-4F77-BD09-2C6EF2054B5D}.Release|Any CPU.Build.0 = Release|Any CPU
		{E535535B-B033-4F77-BD09-2C6EF2054B5D}.Release|ARM.ActiveCfg = Release|ARM
		{E535535B-B033-4F77-BD09-2C6EF2054B5D}.Release|ARM.Build.0 = Release|ARM
		{E535535B-B033-4F77-BD09-2C6EF2054B5D}.Release|ARM64.ActiveCfg = Release|ARM64
		{E535535B-B033-4F77-BD09-2C6EF2054B5D}.Release|ARM64.Build.0 = Release|ARM64
		{E535535B-B033-4F77-BD09-2C6EF2054B5D}.Release|x64.ActiveCfg = Release|x64
		{E535535B-B033-4F77-BD09-2C6EF2054B5D}.Release|x64.Build.0 = Release|x64
		{E535535B-B033-4F77-BD09-2C6EF2054B5D}.Release|x86.ActiveCfg = Release|x86
		{E535535B-B033-4F77-BD09-2C6EF2054B5D}.Release|x86.Build.0 = Release|x86
		{9FB8D2FD-2C73-4E1F-B428-F6029B78E42B}.Debug|Any CPU.ActiveCfg = Debug|x86
		{9FB8D2FD-2C73-4E1F-B428-F6029B78E42B}.Debug|ARM.ActiveCfg = Debug|ARM
		{9FB8D2FD-2C73-4E1F-B428-F6029B78E42B}.Debug|ARM.Build.0 = Debug|ARM
		{9FB8D2FD-2C73-4E1F-B428-F6029B78E42B}.Debug|ARM.Deploy.0 = Debug|ARM
		{9FB8D2FD-2C73-4E1F-B428-F6029B78E42B}.Debug|ARM64.ActiveCfg = Debug|ARM64
		{9FB8D2FD-2C73-4E1F-B428-F6029B78E42B}.Debug|ARM64.Build.0 = Debug|ARM64
		{9FB8D2FD-2C73-4E1F-B428-F6029B78E42B}.Debug|ARM64.Deploy.0 = Debug|ARM64
		{9FB8D2FD-2C73-4E1F-B428-F6029B78E42B}.Debug|x64.ActiveCfg = Debug|x64
		{9FB8D2FD-2C73-4E1F-B428-F6029B78E42B}.Debug|x64.Build.0 = Debug|x64
		{9FB8D2FD-2C73-4E1F-B428-F6029B78E42B}.Debug|x64.Deploy.0 = Debug|x64
		{9FB8D2FD-2C73-4E1F-B428-F6029B78E42B}.Debug|x86.ActiveCfg = Debug|ARM64
		{9FB8D2FD-2C73-4E1F-B428-F6029B78E42B}.Debug|x86.Build.0 = Debug|ARM64
		{9FB8D2FD-2C73-4E1F-B428-F6029B78E42B}.Debug|x86.Deploy.0 = Debug|ARM64
		{9FB8D2FD-2C73-4E1F-B428-F6029B78E42B}.Release|Any CPU.ActiveCfg = Release|x86
		{9FB8D2FD-2C73-4E1F-B428-F6029B78E42B}.Release|ARM.ActiveCfg = Release|ARM
		{9FB8D2FD-2C73-4E1F-B428-F6029B78E42B}.Release|ARM.Build.0 = Release|ARM
		{9FB8D2FD-2C73-4E1F-B428-F6029B78E42B}.Release|ARM.Deploy.0 = Release|ARM
		{9FB8D2FD-2C73-4E1F-B428-F6029B78E42B}.Release|ARM64.ActiveCfg = Release|ARM64
		{9FB8D2FD-2C73-4E1F-B428-F6029B78E42B}.Release|ARM64.Build.0 = Release|ARM64
		{9FB8D2FD-2C73-4E1F-B428-F6029B78E42B}.Release|ARM64.Deploy.0 = Release|ARM64
		{9FB8D2FD-2C73-4E1F-B428-F6029B78E42B}.Release|x64.ActiveCfg = Release|x64
		{9FB8D2FD-2C73-4E1F-B428-F6029B78E42B}.Release|x64.Build.0 = Release|x64
		{9FB8D2FD-2C73-4E1F-B428-F6029B78E42B}.Release|x64.Deploy.0 = Release|x64
		{9FB8D2FD-2C73-4E1F-B428-F6029B78E42B}.Release|x86.ActiveCfg = Release|x86
		{9FB8D2FD-2C73-4E1F-B428-F6029B78E42B}.Release|x86.Build.0 = Release|x86
		{9FB8D2FD-2C73-4E1F-B428-F6029B78E42B}.Release|x86.Deploy.0 = Release|x86
		{3F42AE3F-E4F8-4F91-BA04-10290C4B9B29}.Debug|Any CPU.ActiveCfg = Debug|Any CPU
		{3F42AE3F-E4F8-4F91-BA04-10290C4B9B29}.Debug|Any CPU.Build.0 = Debug|Any CPU
		{3F42AE3F-E4F8-4F91-BA04-10290C4B9B29}.Debug|ARM.ActiveCfg = Debug|Any CPU
		{3F42AE3F-E4F8-4F91-BA04-10290C4B9B29}.Debug|ARM.Build.0 = Debug|Any CPU
		{3F42AE3F-E4F8-4F91-BA04-10290C4B9B29}.Debug|ARM64.ActiveCfg = Debug|Any CPU
		{3F42AE3F-E4F8-4F91-BA04-10290C4B9B29}.Debug|ARM64.Build.0 = Debug|Any CPU
		{3F42AE3F-E4F8-4F91-BA04-10290C4B9B29}.Debug|x64.ActiveCfg = Debug|Any CPU
		{3F42AE3F-E4F8-4F91-BA04-10290C4B9B29}.Debug|x64.Build.0 = Debug|Any CPU
		{3F42AE3F-E4F8-4F91-BA04-10290C4B9B29}.Debug|x86.ActiveCfg = Debug|Any CPU
		{3F42AE3F-E4F8-4F91-BA04-10290C4B9B29}.Debug|x86.Build.0 = Debug|Any CPU
		{3F42AE3F-E4F8-4F91-BA04-10290C4B9B29}.Release|Any CPU.ActiveCfg = Release|Any CPU
		{3F42AE3F-E4F8-4F91-BA04-10290C4B9B29}.Release|Any CPU.Build.0 = Release|Any CPU
		{3F42AE3F-E4F8-4F91-BA04-10290C4B9B29}.Release|ARM.ActiveCfg = Release|Any CPU
		{3F42AE3F-E4F8-4F91-BA04-10290C4B9B29}.Release|ARM.Build.0 = Release|Any CPU
		{3F42AE3F-E4F8-4F91-BA04-10290C4B9B29}.Release|ARM64.ActiveCfg = Release|Any CPU
		{3F42AE3F-E4F8-4F91-BA04-10290C4B9B29}.Release|ARM64.Build.0 = Release|Any CPU
		{3F42AE3F-E4F8-4F91-BA04-10290C4B9B29}.Release|x64.ActiveCfg = Release|Any CPU
		{3F42AE3F-E4F8-4F91-BA04-10290C4B9B29}.Release|x64.Build.0 = Release|Any CPU
		{3F42AE3F-E4F8-4F91-BA04-10290C4B9B29}.Release|x86.ActiveCfg = Release|Any CPU
		{3F42AE3F-E4F8-4F91-BA04-10290C4B9B29}.Release|x86.Build.0 = Release|Any CPU
		{A82DDA02-DDE6-4177-9CE8-4892C9DE2BDF}.Debug|Any CPU.ActiveCfg = Debug|Any CPU
		{A82DDA02-DDE6-4177-9CE8-4892C9DE2BDF}.Debug|Any CPU.Build.0 = Debug|Any CPU
		{A82DDA02-DDE6-4177-9CE8-4892C9DE2BDF}.Debug|ARM.ActiveCfg = Debug|Any CPU
		{A82DDA02-DDE6-4177-9CE8-4892C9DE2BDF}.Debug|ARM.Build.0 = Debug|Any CPU
		{A82DDA02-DDE6-4177-9CE8-4892C9DE2BDF}.Debug|ARM64.ActiveCfg = Debug|Any CPU
		{A82DDA02-DDE6-4177-9CE8-4892C9DE2BDF}.Debug|ARM64.Build.0 = Debug|Any CPU
		{A82DDA02-DDE6-4177-9CE8-4892C9DE2BDF}.Debug|x64.ActiveCfg = Debug|Any CPU
		{A82DDA02-DDE6-4177-9CE8-4892C9DE2BDF}.Debug|x64.Build.0 = Debug|Any CPU
		{A82DDA02-DDE6-4177-9CE8-4892C9DE2BDF}.Debug|x86.ActiveCfg = Debug|Any CPU
		{A82DDA02-DDE6-4177-9CE8-4892C9DE2BDF}.Debug|x86.Build.0 = Debug|Any CPU
		{A82DDA02-DDE6-4177-9CE8-4892C9DE2BDF}.Release|Any CPU.ActiveCfg = Release|Any CPU
		{A82DDA02-DDE6-4177-9CE8-4892C9DE2BDF}.Release|Any CPU.Build.0 = Release|Any CPU
		{A82DDA02-DDE6-4177-9CE8-4892C9DE2BDF}.Release|ARM.ActiveCfg = Release|Any CPU
		{A82DDA02-DDE6-4177-9CE8-4892C9DE2BDF}.Release|ARM.Build.0 = Release|Any CPU
		{A82DDA02-DDE6-4177-9CE8-4892C9DE2BDF}.Release|ARM64.ActiveCfg = Release|Any CPU
		{A82DDA02-DDE6-4177-9CE8-4892C9DE2BDF}.Release|ARM64.Build.0 = Release|Any CPU
		{A82DDA02-DDE6-4177-9CE8-4892C9DE2BDF}.Release|x64.ActiveCfg = Release|Any CPU
		{A82DDA02-DDE6-4177-9CE8-4892C9DE2BDF}.Release|x64.Build.0 = Release|Any CPU
		{A82DDA02-DDE6-4177-9CE8-4892C9DE2BDF}.Release|x86.ActiveCfg = Release|Any CPU
		{A82DDA02-DDE6-4177-9CE8-4892C9DE2BDF}.Release|x86.Build.0 = Release|Any CPU
		{D6CBD581-1DBC-45A1-9B0F-2B3CA23AB792}.Debug|Any CPU.ActiveCfg = Debug|Any CPU
		{D6CBD581-1DBC-45A1-9B0F-2B3CA23AB792}.Debug|Any CPU.Build.0 = Debug|Any CPU
		{D6CBD581-1DBC-45A1-9B0F-2B3CA23AB792}.Debug|ARM.ActiveCfg = Debug|ARM
		{D6CBD581-1DBC-45A1-9B0F-2B3CA23AB792}.Debug|ARM.Build.0 = Debug|ARM
		{D6CBD581-1DBC-45A1-9B0F-2B3CA23AB792}.Debug|ARM64.ActiveCfg = Debug|ARM64
		{D6CBD581-1DBC-45A1-9B0F-2B3CA23AB792}.Debug|ARM64.Build.0 = Debug|ARM64
		{D6CBD581-1DBC-45A1-9B0F-2B3CA23AB792}.Debug|x64.ActiveCfg = Debug|x64
		{D6CBD581-1DBC-45A1-9B0F-2B3CA23AB792}.Debug|x64.Build.0 = Debug|x64
		{D6CBD581-1DBC-45A1-9B0F-2B3CA23AB792}.Debug|x86.ActiveCfg = Debug|x86
		{D6CBD581-1DBC-45A1-9B0F-2B3CA23AB792}.Debug|x86.Build.0 = Debug|x86
		{D6CBD581-1DBC-45A1-9B0F-2B3CA23AB792}.Release|Any CPU.ActiveCfg = Release|Any CPU
		{D6CBD581-1DBC-45A1-9B0F-2B3CA23AB792}.Release|Any CPU.Build.0 = Release|Any CPU
		{D6CBD581-1DBC-45A1-9B0F-2B3CA23AB792}.Release|ARM.ActiveCfg = Release|ARM
		{D6CBD581-1DBC-45A1-9B0F-2B3CA23AB792}.Release|ARM.Build.0 = Release|ARM
		{D6CBD581-1DBC-45A1-9B0F-2B3CA23AB792}.Release|ARM64.ActiveCfg = Release|ARM64
		{D6CBD581-1DBC-45A1-9B0F-2B3CA23AB792}.Release|ARM64.Build.0 = Release|ARM64
		{D6CBD581-1DBC-45A1-9B0F-2B3CA23AB792}.Release|x64.ActiveCfg = Release|x64
		{D6CBD581-1DBC-45A1-9B0F-2B3CA23AB792}.Release|x64.Build.0 = Release|x64
		{D6CBD581-1DBC-45A1-9B0F-2B3CA23AB792}.Release|x86.ActiveCfg = Release|x86
		{D6CBD581-1DBC-45A1-9B0F-2B3CA23AB792}.Release|x86.Build.0 = Release|x86
		{F41590BA-11B3-4A1F-8374-A7DE83D58DC7}.Debug|Any CPU.ActiveCfg = Debug|Any CPU
		{F41590BA-11B3-4A1F-8374-A7DE83D58DC7}.Debug|Any CPU.Build.0 = Debug|Any CPU
		{F41590BA-11B3-4A1F-8374-A7DE83D58DC7}.Debug|ARM.ActiveCfg = Debug|ARM
		{F41590BA-11B3-4A1F-8374-A7DE83D58DC7}.Debug|ARM.Build.0 = Debug|ARM
		{F41590BA-11B3-4A1F-8374-A7DE83D58DC7}.Debug|ARM64.ActiveCfg = Debug|ARM64
		{F41590BA-11B3-4A1F-8374-A7DE83D58DC7}.Debug|ARM64.Build.0 = Debug|ARM64
		{F41590BA-11B3-4A1F-8374-A7DE83D58DC7}.Debug|x64.ActiveCfg = Debug|x64
		{F41590BA-11B3-4A1F-8374-A7DE83D58DC7}.Debug|x64.Build.0 = Debug|x64
		{F41590BA-11B3-4A1F-8374-A7DE83D58DC7}.Debug|x86.ActiveCfg = Debug|x86
		{F41590BA-11B3-4A1F-8374-A7DE83D58DC7}.Debug|x86.Build.0 = Debug|x86
		{F41590BA-11B3-4A1F-8374-A7DE83D58DC7}.Release|Any CPU.ActiveCfg = Release|Any CPU
		{F41590BA-11B3-4A1F-8374-A7DE83D58DC7}.Release|Any CPU.Build.0 = Release|Any CPU
		{F41590BA-11B3-4A1F-8374-A7DE83D58DC7}.Release|ARM.ActiveCfg = Release|ARM
		{F41590BA-11B3-4A1F-8374-A7DE83D58DC7}.Release|ARM.Build.0 = Release|ARM
		{F41590BA-11B3-4A1F-8374-A7DE83D58DC7}.Release|ARM64.ActiveCfg = Release|ARM64
		{F41590BA-11B3-4A1F-8374-A7DE83D58DC7}.Release|ARM64.Build.0 = Release|ARM64
		{F41590BA-11B3-4A1F-8374-A7DE83D58DC7}.Release|x64.ActiveCfg = Release|x64
		{F41590BA-11B3-4A1F-8374-A7DE83D58DC7}.Release|x64.Build.0 = Release|x64
		{F41590BA-11B3-4A1F-8374-A7DE83D58DC7}.Release|x86.ActiveCfg = Release|x86
		{F41590BA-11B3-4A1F-8374-A7DE83D58DC7}.Release|x86.Build.0 = Release|x86
		{B7CE6823-4B61-4215-9382-F229822847E8}.Debug|Any CPU.ActiveCfg = Debug|Any CPU
		{B7CE6823-4B61-4215-9382-F229822847E8}.Debug|Any CPU.Build.0 = Debug|Any CPU
		{B7CE6823-4B61-4215-9382-F229822847E8}.Debug|ARM.ActiveCfg = Debug|Any CPU
		{B7CE6823-4B61-4215-9382-F229822847E8}.Debug|ARM.Build.0 = Debug|Any CPU
		{B7CE6823-4B61-4215-9382-F229822847E8}.Debug|ARM64.ActiveCfg = Debug|Any CPU
		{B7CE6823-4B61-4215-9382-F229822847E8}.Debug|ARM64.Build.0 = Debug|Any CPU
		{B7CE6823-4B61-4215-9382-F229822847E8}.Debug|x64.ActiveCfg = Debug|Any CPU
		{B7CE6823-4B61-4215-9382-F229822847E8}.Debug|x64.Build.0 = Debug|Any CPU
		{B7CE6823-4B61-4215-9382-F229822847E8}.Debug|x86.ActiveCfg = Debug|Any CPU
		{B7CE6823-4B61-4215-9382-F229822847E8}.Debug|x86.Build.0 = Debug|Any CPU
		{B7CE6823-4B61-4215-9382-F229822847E8}.Release|Any CPU.ActiveCfg = Release|Any CPU
		{B7CE6823-4B61-4215-9382-F229822847E8}.Release|Any CPU.Build.0 = Release|Any CPU
		{B7CE6823-4B61-4215-9382-F229822847E8}.Release|ARM.ActiveCfg = Release|Any CPU
		{B7CE6823-4B61-4215-9382-F229822847E8}.Release|ARM.Build.0 = Release|Any CPU
		{B7CE6823-4B61-4215-9382-F229822847E8}.Release|ARM64.ActiveCfg = Release|Any CPU
		{B7CE6823-4B61-4215-9382-F229822847E8}.Release|ARM64.Build.0 = Release|Any CPU
		{B7CE6823-4B61-4215-9382-F229822847E8}.Release|x64.ActiveCfg = Release|Any CPU
		{B7CE6823-4B61-4215-9382-F229822847E8}.Release|x64.Build.0 = Release|Any CPU
		{B7CE6823-4B61-4215-9382-F229822847E8}.Release|x86.ActiveCfg = Release|Any CPU
		{B7CE6823-4B61-4215-9382-F229822847E8}.Release|x86.Build.0 = Release|Any CPU
		{34585211-EDC5-4B82-8583-DD32226C171C}.Debug|Any CPU.ActiveCfg = Debug|Any CPU
		{34585211-EDC5-4B82-8583-DD32226C171C}.Debug|Any CPU.Build.0 = Debug|Any CPU
		{34585211-EDC5-4B82-8583-DD32226C171C}.Debug|ARM.ActiveCfg = Debug|Any CPU
		{34585211-EDC5-4B82-8583-DD32226C171C}.Debug|ARM.Build.0 = Debug|Any CPU
		{34585211-EDC5-4B82-8583-DD32226C171C}.Debug|ARM64.ActiveCfg = Debug|Any CPU
		{34585211-EDC5-4B82-8583-DD32226C171C}.Debug|ARM64.Build.0 = Debug|Any CPU
		{34585211-EDC5-4B82-8583-DD32226C171C}.Debug|x64.ActiveCfg = Debug|Any CPU
		{34585211-EDC5-4B82-8583-DD32226C171C}.Debug|x64.Build.0 = Debug|Any CPU
		{34585211-EDC5-4B82-8583-DD32226C171C}.Debug|x86.ActiveCfg = Debug|Any CPU
		{34585211-EDC5-4B82-8583-DD32226C171C}.Debug|x86.Build.0 = Debug|Any CPU
		{34585211-EDC5-4B82-8583-DD32226C171C}.Release|Any CPU.ActiveCfg = Release|Any CPU
		{34585211-EDC5-4B82-8583-DD32226C171C}.Release|Any CPU.Build.0 = Release|Any CPU
		{34585211-EDC5-4B82-8583-DD32226C171C}.Release|ARM.ActiveCfg = Release|Any CPU
		{34585211-EDC5-4B82-8583-DD32226C171C}.Release|ARM.Build.0 = Release|Any CPU
		{34585211-EDC5-4B82-8583-DD32226C171C}.Release|ARM64.ActiveCfg = Release|Any CPU
		{34585211-EDC5-4B82-8583-DD32226C171C}.Release|ARM64.Build.0 = Release|Any CPU
		{34585211-EDC5-4B82-8583-DD32226C171C}.Release|x64.ActiveCfg = Release|Any CPU
		{34585211-EDC5-4B82-8583-DD32226C171C}.Release|x64.Build.0 = Release|Any CPU
		{34585211-EDC5-4B82-8583-DD32226C171C}.Release|x86.ActiveCfg = Release|Any CPU
		{34585211-EDC5-4B82-8583-DD32226C171C}.Release|x86.Build.0 = Release|Any CPU
		{48DB5037-A032-45A9-B30F-761C7D3AA5C8}.Debug|Any CPU.ActiveCfg = Debug|Any CPU
		{48DB5037-A032-45A9-B30F-761C7D3AA5C8}.Debug|Any CPU.Build.0 = Debug|Any CPU
		{48DB5037-A032-45A9-B30F-761C7D3AA5C8}.Debug|ARM.ActiveCfg = Debug|Any CPU
		{48DB5037-A032-45A9-B30F-761C7D3AA5C8}.Debug|ARM.Build.0 = Debug|Any CPU
		{48DB5037-A032-45A9-B30F-761C7D3AA5C8}.Debug|ARM64.ActiveCfg = Debug|Any CPU
		{48DB5037-A032-45A9-B30F-761C7D3AA5C8}.Debug|ARM64.Build.0 = Debug|Any CPU
		{48DB5037-A032-45A9-B30F-761C7D3AA5C8}.Debug|x64.ActiveCfg = Debug|Any CPU
		{48DB5037-A032-45A9-B30F-761C7D3AA5C8}.Debug|x64.Build.0 = Debug|Any CPU
		{48DB5037-A032-45A9-B30F-761C7D3AA5C8}.Debug|x86.ActiveCfg = Debug|Any CPU
		{48DB5037-A032-45A9-B30F-761C7D3AA5C8}.Debug|x86.Build.0 = Debug|Any CPU
		{48DB5037-A032-45A9-B30F-761C7D3AA5C8}.Release|Any CPU.ActiveCfg = Release|Any CPU
		{48DB5037-A032-45A9-B30F-761C7D3AA5C8}.Release|Any CPU.Build.0 = Release|Any CPU
		{48DB5037-A032-45A9-B30F-761C7D3AA5C8}.Release|ARM.ActiveCfg = Release|Any CPU
		{48DB5037-A032-45A9-B30F-761C7D3AA5C8}.Release|ARM.Build.0 = Release|Any CPU
		{48DB5037-A032-45A9-B30F-761C7D3AA5C8}.Release|ARM64.ActiveCfg = Release|Any CPU
		{48DB5037-A032-45A9-B30F-761C7D3AA5C8}.Release|ARM64.Build.0 = Release|Any CPU
		{48DB5037-A032-45A9-B30F-761C7D3AA5C8}.Release|x64.ActiveCfg = Release|Any CPU
		{48DB5037-A032-45A9-B30F-761C7D3AA5C8}.Release|x64.Build.0 = Release|Any CPU
		{48DB5037-A032-45A9-B30F-761C7D3AA5C8}.Release|x86.ActiveCfg = Release|Any CPU
		{48DB5037-A032-45A9-B30F-761C7D3AA5C8}.Release|x86.Build.0 = Release|Any CPU
		{A5A1D563-983E-4237-80FC-725266EC0DF0}.Debug|Any CPU.ActiveCfg = Debug|Any CPU
		{A5A1D563-983E-4237-80FC-725266EC0DF0}.Debug|Any CPU.Build.0 = Debug|Any CPU
		{A5A1D563-983E-4237-80FC-725266EC0DF0}.Debug|ARM.ActiveCfg = Debug|Any CPU
		{A5A1D563-983E-4237-80FC-725266EC0DF0}.Debug|ARM.Build.0 = Debug|Any CPU
		{A5A1D563-983E-4237-80FC-725266EC0DF0}.Debug|ARM64.ActiveCfg = Debug|Any CPU
		{A5A1D563-983E-4237-80FC-725266EC0DF0}.Debug|ARM64.Build.0 = Debug|Any CPU
		{A5A1D563-983E-4237-80FC-725266EC0DF0}.Debug|x64.ActiveCfg = Debug|Any CPU
		{A5A1D563-983E-4237-80FC-725266EC0DF0}.Debug|x64.Build.0 = Debug|Any CPU
		{A5A1D563-983E-4237-80FC-725266EC0DF0}.Debug|x86.ActiveCfg = Debug|Any CPU
		{A5A1D563-983E-4237-80FC-725266EC0DF0}.Debug|x86.Build.0 = Debug|Any CPU
		{A5A1D563-983E-4237-80FC-725266EC0DF0}.Release|Any CPU.ActiveCfg = Release|Any CPU
		{A5A1D563-983E-4237-80FC-725266EC0DF0}.Release|Any CPU.Build.0 = Release|Any CPU
		{A5A1D563-983E-4237-80FC-725266EC0DF0}.Release|ARM.ActiveCfg = Release|Any CPU
		{A5A1D563-983E-4237-80FC-725266EC0DF0}.Release|ARM.Build.0 = Release|Any CPU
		{A5A1D563-983E-4237-80FC-725266EC0DF0}.Release|ARM64.ActiveCfg = Release|Any CPU
		{A5A1D563-983E-4237-80FC-725266EC0DF0}.Release|ARM64.Build.0 = Release|Any CPU
		{A5A1D563-983E-4237-80FC-725266EC0DF0}.Release|x64.ActiveCfg = Release|Any CPU
		{A5A1D563-983E-4237-80FC-725266EC0DF0}.Release|x64.Build.0 = Release|Any CPU
		{A5A1D563-983E-4237-80FC-725266EC0DF0}.Release|x86.ActiveCfg = Release|Any CPU
		{A5A1D563-983E-4237-80FC-725266EC0DF0}.Release|x86.Build.0 = Release|Any CPU
		{242A1316-1F16-4EEC-A56A-B18C2CEEB695}.Debug|Any CPU.ActiveCfg = Debug|Any CPU
		{242A1316-1F16-4EEC-A56A-B18C2CEEB695}.Debug|Any CPU.Build.0 = Debug|Any CPU
		{242A1316-1F16-4EEC-A56A-B18C2CEEB695}.Debug|ARM.ActiveCfg = Debug|Any CPU
		{242A1316-1F16-4EEC-A56A-B18C2CEEB695}.Debug|ARM.Build.0 = Debug|Any CPU
		{242A1316-1F16-4EEC-A56A-B18C2CEEB695}.Debug|ARM64.ActiveCfg = Debug|Any CPU
		{242A1316-1F16-4EEC-A56A-B18C2CEEB695}.Debug|ARM64.Build.0 = Debug|Any CPU
		{242A1316-1F16-4EEC-A56A-B18C2CEEB695}.Debug|x64.ActiveCfg = Debug|Any CPU
		{242A1316-1F16-4EEC-A56A-B18C2CEEB695}.Debug|x64.Build.0 = Debug|Any CPU
		{242A1316-1F16-4EEC-A56A-B18C2CEEB695}.Debug|x86.ActiveCfg = Debug|Any CPU
		{242A1316-1F16-4EEC-A56A-B18C2CEEB695}.Debug|x86.Build.0 = Debug|Any CPU
		{242A1316-1F16-4EEC-A56A-B18C2CEEB695}.Release|Any CPU.ActiveCfg = Release|Any CPU
		{242A1316-1F16-4EEC-A56A-B18C2CEEB695}.Release|Any CPU.Build.0 = Release|Any CPU
		{242A1316-1F16-4EEC-A56A-B18C2CEEB695}.Release|ARM.ActiveCfg = Release|Any CPU
		{242A1316-1F16-4EEC-A56A-B18C2CEEB695}.Release|ARM.Build.0 = Release|Any CPU
		{242A1316-1F16-4EEC-A56A-B18C2CEEB695}.Release|ARM64.ActiveCfg = Release|Any CPU
		{242A1316-1F16-4EEC-A56A-B18C2CEEB695}.Release|ARM64.Build.0 = Release|Any CPU
		{242A1316-1F16-4EEC-A56A-B18C2CEEB695}.Release|x64.ActiveCfg = Release|Any CPU
		{242A1316-1F16-4EEC-A56A-B18C2CEEB695}.Release|x64.Build.0 = Release|Any CPU
		{242A1316-1F16-4EEC-A56A-B18C2CEEB695}.Release|x86.ActiveCfg = Release|Any CPU
		{242A1316-1F16-4EEC-A56A-B18C2CEEB695}.Release|x86.Build.0 = Release|Any CPU
		{C4291801-3352-42B7-88E0-707738E761BA}.Debug|Any CPU.ActiveCfg = Debug|x86
		{C4291801-3352-42B7-88E0-707738E761BA}.Debug|ARM.ActiveCfg = Debug|ARM
		{C4291801-3352-42B7-88E0-707738E761BA}.Debug|ARM.Build.0 = Debug|ARM
		{C4291801-3352-42B7-88E0-707738E761BA}.Debug|ARM.Deploy.0 = Debug|ARM
		{C4291801-3352-42B7-88E0-707738E761BA}.Debug|ARM64.ActiveCfg = Debug|ARM64
		{C4291801-3352-42B7-88E0-707738E761BA}.Debug|ARM64.Build.0 = Debug|ARM64
		{C4291801-3352-42B7-88E0-707738E761BA}.Debug|ARM64.Deploy.0 = Debug|ARM64
		{C4291801-3352-42B7-88E0-707738E761BA}.Debug|x64.ActiveCfg = Debug|x64
		{C4291801-3352-42B7-88E0-707738E761BA}.Debug|x64.Build.0 = Debug|x64
		{C4291801-3352-42B7-88E0-707738E761BA}.Debug|x64.Deploy.0 = Debug|x64
		{C4291801-3352-42B7-88E0-707738E761BA}.Debug|x86.ActiveCfg = Debug|x86
		{C4291801-3352-42B7-88E0-707738E761BA}.Debug|x86.Build.0 = Debug|x86
		{C4291801-3352-42B7-88E0-707738E761BA}.Debug|x86.Deploy.0 = Debug|x86
		{C4291801-3352-42B7-88E0-707738E761BA}.Release|Any CPU.ActiveCfg = Release|x86
		{C4291801-3352-42B7-88E0-707738E761BA}.Release|ARM.ActiveCfg = Release|ARM
		{C4291801-3352-42B7-88E0-707738E761BA}.Release|ARM.Build.0 = Release|ARM
		{C4291801-3352-42B7-88E0-707738E761BA}.Release|ARM.Deploy.0 = Release|ARM
		{C4291801-3352-42B7-88E0-707738E761BA}.Release|ARM64.ActiveCfg = Release|ARM64
		{C4291801-3352-42B7-88E0-707738E761BA}.Release|ARM64.Build.0 = Release|ARM64
		{C4291801-3352-42B7-88E0-707738E761BA}.Release|ARM64.Deploy.0 = Release|ARM64
		{C4291801-3352-42B7-88E0-707738E761BA}.Release|x64.ActiveCfg = Release|x64
		{C4291801-3352-42B7-88E0-707738E761BA}.Release|x64.Build.0 = Release|x64
		{C4291801-3352-42B7-88E0-707738E761BA}.Release|x64.Deploy.0 = Release|x64
		{C4291801-3352-42B7-88E0-707738E761BA}.Release|x86.ActiveCfg = Release|x86
		{C4291801-3352-42B7-88E0-707738E761BA}.Release|x86.Build.0 = Release|x86
		{C4291801-3352-42B7-88E0-707738E761BA}.Release|x86.Deploy.0 = Release|x86
		{0F3B0A64-8ED6-4B08-9528-2AF3F065579C}.Debug|Any CPU.ActiveCfg = Debug|x86
		{0F3B0A64-8ED6-4B08-9528-2AF3F065579C}.Debug|ARM.ActiveCfg = Debug|ARM
		{0F3B0A64-8ED6-4B08-9528-2AF3F065579C}.Debug|ARM.Build.0 = Debug|ARM
		{0F3B0A64-8ED6-4B08-9528-2AF3F065579C}.Debug|ARM.Deploy.0 = Debug|ARM
		{0F3B0A64-8ED6-4B08-9528-2AF3F065579C}.Debug|ARM64.ActiveCfg = Debug|ARM64
		{0F3B0A64-8ED6-4B08-9528-2AF3F065579C}.Debug|ARM64.Build.0 = Debug|ARM64
		{0F3B0A64-8ED6-4B08-9528-2AF3F065579C}.Debug|ARM64.Deploy.0 = Debug|ARM64
		{0F3B0A64-8ED6-4B08-9528-2AF3F065579C}.Debug|x64.ActiveCfg = Debug|x64
		{0F3B0A64-8ED6-4B08-9528-2AF3F065579C}.Debug|x64.Build.0 = Debug|x64
		{0F3B0A64-8ED6-4B08-9528-2AF3F065579C}.Debug|x64.Deploy.0 = Debug|x64
		{0F3B0A64-8ED6-4B08-9528-2AF3F065579C}.Debug|x86.ActiveCfg = Debug|x86
		{0F3B0A64-8ED6-4B08-9528-2AF3F065579C}.Debug|x86.Build.0 = Debug|x86
		{0F3B0A64-8ED6-4B08-9528-2AF3F065579C}.Debug|x86.Deploy.0 = Debug|x86
		{0F3B0A64-8ED6-4B08-9528-2AF3F065579C}.Release|Any CPU.ActiveCfg = Release|x86
		{0F3B0A64-8ED6-4B08-9528-2AF3F065579C}.Release|ARM.ActiveCfg = Release|ARM
		{0F3B0A64-8ED6-4B08-9528-2AF3F065579C}.Release|ARM.Build.0 = Release|ARM
		{0F3B0A64-8ED6-4B08-9528-2AF3F065579C}.Release|ARM.Deploy.0 = Release|ARM
		{0F3B0A64-8ED6-4B08-9528-2AF3F065579C}.Release|ARM64.ActiveCfg = Release|ARM64
		{0F3B0A64-8ED6-4B08-9528-2AF3F065579C}.Release|ARM64.Build.0 = Release|ARM64
		{0F3B0A64-8ED6-4B08-9528-2AF3F065579C}.Release|ARM64.Deploy.0 = Release|ARM64
		{0F3B0A64-8ED6-4B08-9528-2AF3F065579C}.Release|x64.ActiveCfg = Release|x64
		{0F3B0A64-8ED6-4B08-9528-2AF3F065579C}.Release|x64.Build.0 = Release|x64
		{0F3B0A64-8ED6-4B08-9528-2AF3F065579C}.Release|x64.Deploy.0 = Release|x64
		{0F3B0A64-8ED6-4B08-9528-2AF3F065579C}.Release|x86.ActiveCfg = Release|x86
		{0F3B0A64-8ED6-4B08-9528-2AF3F065579C}.Release|x86.Build.0 = Release|x86
		{0F3B0A64-8ED6-4B08-9528-2AF3F065579C}.Release|x86.Deploy.0 = Release|x86
		{A8B69E7A-9046-450F-A369-A0E29A0B57FB}.Debug|Any CPU.ActiveCfg = Debug|x64
		{A8B69E7A-9046-450F-A369-A0E29A0B57FB}.Debug|Any CPU.Build.0 = Debug|x64
		{A8B69E7A-9046-450F-A369-A0E29A0B57FB}.Debug|ARM.ActiveCfg = Debug|x64
		{A8B69E7A-9046-450F-A369-A0E29A0B57FB}.Debug|ARM.Build.0 = Debug|x64
		{A8B69E7A-9046-450F-A369-A0E29A0B57FB}.Debug|ARM64.ActiveCfg = Debug|ARM64
		{A8B69E7A-9046-450F-A369-A0E29A0B57FB}.Debug|ARM64.Build.0 = Debug|ARM64
		{A8B69E7A-9046-450F-A369-A0E29A0B57FB}.Debug|x64.ActiveCfg = Debug|x64
		{A8B69E7A-9046-450F-A369-A0E29A0B57FB}.Debug|x64.Build.0 = Debug|x64
		{A8B69E7A-9046-450F-A369-A0E29A0B57FB}.Debug|x86.ActiveCfg = Debug|x64
		{A8B69E7A-9046-450F-A369-A0E29A0B57FB}.Debug|x86.Build.0 = Debug|x64
		{A8B69E7A-9046-450F-A369-A0E29A0B57FB}.Release|Any CPU.ActiveCfg = Release|x64
		{A8B69E7A-9046-450F-A369-A0E29A0B57FB}.Release|Any CPU.Build.0 = Release|x64
		{A8B69E7A-9046-450F-A369-A0E29A0B57FB}.Release|ARM.ActiveCfg = Release|x64
		{A8B69E7A-9046-450F-A369-A0E29A0B57FB}.Release|ARM.Build.0 = Release|x64
		{A8B69E7A-9046-450F-A369-A0E29A0B57FB}.Release|ARM64.ActiveCfg = Release|ARM64
		{A8B69E7A-9046-450F-A369-A0E29A0B57FB}.Release|ARM64.Build.0 = Release|ARM64
		{A8B69E7A-9046-450F-A369-A0E29A0B57FB}.Release|x64.ActiveCfg = Release|x64
		{A8B69E7A-9046-450F-A369-A0E29A0B57FB}.Release|x64.Build.0 = Release|x64
		{A8B69E7A-9046-450F-A369-A0E29A0B57FB}.Release|x86.ActiveCfg = Release|x64
		{A8B69E7A-9046-450F-A369-A0E29A0B57FB}.Release|x86.Build.0 = Release|x64
		{BDD73429-0041-47D2-9CA9-8D669FFC4CDD}.Debug|Any CPU.ActiveCfg = Debug|x64
		{BDD73429-0041-47D2-9CA9-8D669FFC4CDD}.Debug|Any CPU.Build.0 = Debug|x64
		{BDD73429-0041-47D2-9CA9-8D669FFC4CDD}.Debug|ARM.ActiveCfg = Debug|x64
		{BDD73429-0041-47D2-9CA9-8D669FFC4CDD}.Debug|ARM.Build.0 = Debug|x64
		{BDD73429-0041-47D2-9CA9-8D669FFC4CDD}.Debug|ARM64.ActiveCfg = Debug|ARM64
		{BDD73429-0041-47D2-9CA9-8D669FFC4CDD}.Debug|ARM64.Build.0 = Debug|ARM64
		{BDD73429-0041-47D2-9CA9-8D669FFC4CDD}.Debug|x64.ActiveCfg = Debug|x64
		{BDD73429-0041-47D2-9CA9-8D669FFC4CDD}.Debug|x64.Build.0 = Debug|x64
		{BDD73429-0041-47D2-9CA9-8D669FFC4CDD}.Debug|x86.ActiveCfg = Debug|x64
		{BDD73429-0041-47D2-9CA9-8D669FFC4CDD}.Debug|x86.Build.0 = Debug|x64
		{BDD73429-0041-47D2-9CA9-8D669FFC4CDD}.Release|Any CPU.ActiveCfg = Release|x64
		{BDD73429-0041-47D2-9CA9-8D669FFC4CDD}.Release|Any CPU.Build.0 = Release|x64
		{BDD73429-0041-47D2-9CA9-8D669FFC4CDD}.Release|ARM.ActiveCfg = Release|x64
		{BDD73429-0041-47D2-9CA9-8D669FFC4CDD}.Release|ARM.Build.0 = Release|x64
		{BDD73429-0041-47D2-9CA9-8D669FFC4CDD}.Release|ARM64.ActiveCfg = Release|ARM64
		{BDD73429-0041-47D2-9CA9-8D669FFC4CDD}.Release|ARM64.Build.0 = Release|ARM64
		{BDD73429-0041-47D2-9CA9-8D669FFC4CDD}.Release|x64.ActiveCfg = Release|x64
		{BDD73429-0041-47D2-9CA9-8D669FFC4CDD}.Release|x64.Build.0 = Release|x64
		{BDD73429-0041-47D2-9CA9-8D669FFC4CDD}.Release|x86.ActiveCfg = Release|x64
		{BDD73429-0041-47D2-9CA9-8D669FFC4CDD}.Release|x86.Build.0 = Release|x64
		{196CFD93-4D2F-4CA6-B927-D5C8B9566679}.Debug|Any CPU.ActiveCfg = Debug|x64
		{196CFD93-4D2F-4CA6-B927-D5C8B9566679}.Debug|Any CPU.Build.0 = Debug|x64
		{196CFD93-4D2F-4CA6-B927-D5C8B9566679}.Debug|ARM.ActiveCfg = Debug|x64
		{196CFD93-4D2F-4CA6-B927-D5C8B9566679}.Debug|ARM.Build.0 = Debug|x64
		{196CFD93-4D2F-4CA6-B927-D5C8B9566679}.Debug|ARM64.ActiveCfg = Debug|ARM64
		{196CFD93-4D2F-4CA6-B927-D5C8B9566679}.Debug|ARM64.Build.0 = Debug|ARM64
		{196CFD93-4D2F-4CA6-B927-D5C8B9566679}.Debug|x64.ActiveCfg = Debug|x64
		{196CFD93-4D2F-4CA6-B927-D5C8B9566679}.Debug|x64.Build.0 = Debug|x64
		{196CFD93-4D2F-4CA6-B927-D5C8B9566679}.Debug|x86.ActiveCfg = Debug|x64
		{196CFD93-4D2F-4CA6-B927-D5C8B9566679}.Debug|x86.Build.0 = Debug|x64
		{196CFD93-4D2F-4CA6-B927-D5C8B9566679}.Release|Any CPU.ActiveCfg = Release|x64
		{196CFD93-4D2F-4CA6-B927-D5C8B9566679}.Release|Any CPU.Build.0 = Release|x64
		{196CFD93-4D2F-4CA6-B927-D5C8B9566679}.Release|ARM.ActiveCfg = Release|x64
		{196CFD93-4D2F-4CA6-B927-D5C8B9566679}.Release|ARM.Build.0 = Release|x64
		{196CFD93-4D2F-4CA6-B927-D5C8B9566679}.Release|ARM64.ActiveCfg = Release|ARM64
		{196CFD93-4D2F-4CA6-B927-D5C8B9566679}.Release|ARM64.Build.0 = Release|ARM64
		{196CFD93-4D2F-4CA6-B927-D5C8B9566679}.Release|x64.ActiveCfg = Release|x64
		{196CFD93-4D2F-4CA6-B927-D5C8B9566679}.Release|x64.Build.0 = Release|x64
		{196CFD93-4D2F-4CA6-B927-D5C8B9566679}.Release|x86.ActiveCfg = Release|x64
		{196CFD93-4D2F-4CA6-B927-D5C8B9566679}.Release|x86.Build.0 = Release|x64
		{E32CC781-64B3-4B05-BECE-C9E5F69E01B6}.Debug|Any CPU.ActiveCfg = Debug|x64
		{E32CC781-64B3-4B05-BECE-C9E5F69E01B6}.Debug|Any CPU.Build.0 = Debug|x64
		{E32CC781-64B3-4B05-BECE-C9E5F69E01B6}.Debug|ARM.ActiveCfg = Debug|x64
		{E32CC781-64B3-4B05-BECE-C9E5F69E01B6}.Debug|ARM.Build.0 = Debug|x64
		{E32CC781-64B3-4B05-BECE-C9E5F69E01B6}.Debug|ARM64.ActiveCfg = Debug|ARM64
		{E32CC781-64B3-4B05-BECE-C9E5F69E01B6}.Debug|ARM64.Build.0 = Debug|ARM64
		{E32CC781-64B3-4B05-BECE-C9E5F69E01B6}.Debug|x64.ActiveCfg = Debug|x64
		{E32CC781-64B3-4B05-BECE-C9E5F69E01B6}.Debug|x64.Build.0 = Debug|x64
		{E32CC781-64B3-4B05-BECE-C9E5F69E01B6}.Debug|x86.ActiveCfg = Debug|x64
		{E32CC781-64B3-4B05-BECE-C9E5F69E01B6}.Debug|x86.Build.0 = Debug|x64
		{E32CC781-64B3-4B05-BECE-C9E5F69E01B6}.Release|Any CPU.ActiveCfg = Release|x64
		{E32CC781-64B3-4B05-BECE-C9E5F69E01B6}.Release|Any CPU.Build.0 = Release|x64
		{E32CC781-64B3-4B05-BECE-C9E5F69E01B6}.Release|ARM.ActiveCfg = Release|x64
		{E32CC781-64B3-4B05-BECE-C9E5F69E01B6}.Release|ARM.Build.0 = Release|x64
		{E32CC781-64B3-4B05-BECE-C9E5F69E01B6}.Release|ARM64.ActiveCfg = Release|ARM64
		{E32CC781-64B3-4B05-BECE-C9E5F69E01B6}.Release|ARM64.Build.0 = Release|ARM64
		{E32CC781-64B3-4B05-BECE-C9E5F69E01B6}.Release|x64.ActiveCfg = Release|x64
		{E32CC781-64B3-4B05-BECE-C9E5F69E01B6}.Release|x64.Build.0 = Release|x64
		{E32CC781-64B3-4B05-BECE-C9E5F69E01B6}.Release|x86.ActiveCfg = Release|x64
		{E32CC781-64B3-4B05-BECE-C9E5F69E01B6}.Release|x86.Build.0 = Release|x64
		{4623F944-D15C-4364-9EE8-07F5E757A04C}.Debug|Any CPU.ActiveCfg = Debug|x64
		{4623F944-D15C-4364-9EE8-07F5E757A04C}.Debug|Any CPU.Build.0 = Debug|x64
		{4623F944-D15C-4364-9EE8-07F5E757A04C}.Debug|ARM.ActiveCfg = Debug|x64
		{4623F944-D15C-4364-9EE8-07F5E757A04C}.Debug|ARM.Build.0 = Debug|x64
		{4623F944-D15C-4364-9EE8-07F5E757A04C}.Debug|ARM64.ActiveCfg = Debug|ARM64
		{4623F944-D15C-4364-9EE8-07F5E757A04C}.Debug|ARM64.Build.0 = Debug|ARM64
		{4623F944-D15C-4364-9EE8-07F5E757A04C}.Debug|x64.ActiveCfg = Debug|x64
		{4623F944-D15C-4364-9EE8-07F5E757A04C}.Debug|x64.Build.0 = Debug|x64
		{4623F944-D15C-4364-9EE8-07F5E757A04C}.Debug|x86.ActiveCfg = Debug|x64
		{4623F944-D15C-4364-9EE8-07F5E757A04C}.Debug|x86.Build.0 = Debug|x64
		{4623F944-D15C-4364-9EE8-07F5E757A04C}.Release|Any CPU.ActiveCfg = Release|x64
		{4623F944-D15C-4364-9EE8-07F5E757A04C}.Release|Any CPU.Build.0 = Release|x64
		{4623F944-D15C-4364-9EE8-07F5E757A04C}.Release|ARM.ActiveCfg = Release|x64
		{4623F944-D15C-4364-9EE8-07F5E757A04C}.Release|ARM.Build.0 = Release|x64
		{4623F944-D15C-4364-9EE8-07F5E757A04C}.Release|ARM64.ActiveCfg = Release|ARM64
		{4623F944-D15C-4364-9EE8-07F5E757A04C}.Release|ARM64.Build.0 = Release|ARM64
		{4623F944-D15C-4364-9EE8-07F5E757A04C}.Release|x64.ActiveCfg = Release|x64
		{4623F944-D15C-4364-9EE8-07F5E757A04C}.Release|x64.Build.0 = Release|x64
		{4623F944-D15C-4364-9EE8-07F5E757A04C}.Release|x86.ActiveCfg = Release|x64
		{4623F944-D15C-4364-9EE8-07F5E757A04C}.Release|x86.Build.0 = Release|x64
		{C36A19C8-C53A-481E-9057-A5B7FDDC988C}.Debug|Any CPU.ActiveCfg = Debug|x64
		{C36A19C8-C53A-481E-9057-A5B7FDDC988C}.Debug|Any CPU.Build.0 = Debug|x64
		{C36A19C8-C53A-481E-9057-A5B7FDDC988C}.Debug|ARM.ActiveCfg = Debug|x64
		{C36A19C8-C53A-481E-9057-A5B7FDDC988C}.Debug|ARM.Build.0 = Debug|x64
		{C36A19C8-C53A-481E-9057-A5B7FDDC988C}.Debug|ARM64.ActiveCfg = Debug|ARM64
		{C36A19C8-C53A-481E-9057-A5B7FDDC988C}.Debug|ARM64.Build.0 = Debug|ARM64
		{C36A19C8-C53A-481E-9057-A5B7FDDC988C}.Debug|x64.ActiveCfg = Debug|x64
		{C36A19C8-C53A-481E-9057-A5B7FDDC988C}.Debug|x64.Build.0 = Debug|x64
		{C36A19C8-C53A-481E-9057-A5B7FDDC988C}.Debug|x86.ActiveCfg = Debug|x64
		{C36A19C8-C53A-481E-9057-A5B7FDDC988C}.Debug|x86.Build.0 = Debug|x64
		{C36A19C8-C53A-481E-9057-A5B7FDDC988C}.Release|Any CPU.ActiveCfg = Release|x64
		{C36A19C8-C53A-481E-9057-A5B7FDDC988C}.Release|Any CPU.Build.0 = Release|x64
		{C36A19C8-C53A-481E-9057-A5B7FDDC988C}.Release|ARM.ActiveCfg = Release|x64
		{C36A19C8-C53A-481E-9057-A5B7FDDC988C}.Release|ARM.Build.0 = Release|x64
		{C36A19C8-C53A-481E-9057-A5B7FDDC988C}.Release|ARM64.ActiveCfg = Release|ARM64
		{C36A19C8-C53A-481E-9057-A5B7FDDC988C}.Release|ARM64.Build.0 = Release|ARM64
		{C36A19C8-C53A-481E-9057-A5B7FDDC988C}.Release|x64.ActiveCfg = Release|x64
		{C36A19C8-C53A-481E-9057-A5B7FDDC988C}.Release|x64.Build.0 = Release|x64
		{C36A19C8-C53A-481E-9057-A5B7FDDC988C}.Release|x86.ActiveCfg = Release|x64
		{C36A19C8-C53A-481E-9057-A5B7FDDC988C}.Release|x86.Build.0 = Release|x64
		{DA1A2266-1149-4A19-8A3A-3F1CA7717A6F}.Debug|Any CPU.ActiveCfg = Debug|x64
		{DA1A2266-1149-4A19-8A3A-3F1CA7717A6F}.Debug|Any CPU.Build.0 = Debug|x64
		{DA1A2266-1149-4A19-8A3A-3F1CA7717A6F}.Debug|ARM.ActiveCfg = Debug|ARM
		{DA1A2266-1149-4A19-8A3A-3F1CA7717A6F}.Debug|ARM.Build.0 = Debug|ARM
		{DA1A2266-1149-4A19-8A3A-3F1CA7717A6F}.Debug|ARM64.ActiveCfg = Debug|x64
		{DA1A2266-1149-4A19-8A3A-3F1CA7717A6F}.Debug|ARM64.Build.0 = Debug|x64
		{DA1A2266-1149-4A19-8A3A-3F1CA7717A6F}.Debug|x64.ActiveCfg = Debug|x64
		{DA1A2266-1149-4A19-8A3A-3F1CA7717A6F}.Debug|x64.Build.0 = Debug|x64
		{DA1A2266-1149-4A19-8A3A-3F1CA7717A6F}.Debug|x86.ActiveCfg = Debug|Win32
		{DA1A2266-1149-4A19-8A3A-3F1CA7717A6F}.Debug|x86.Build.0 = Debug|Win32
		{DA1A2266-1149-4A19-8A3A-3F1CA7717A6F}.Release|Any CPU.ActiveCfg = Release|x64
		{DA1A2266-1149-4A19-8A3A-3F1CA7717A6F}.Release|Any CPU.Build.0 = Release|x64
		{DA1A2266-1149-4A19-8A3A-3F1CA7717A6F}.Release|ARM.ActiveCfg = Release|ARM
		{DA1A2266-1149-4A19-8A3A-3F1CA7717A6F}.Release|ARM.Build.0 = Release|ARM
		{DA1A2266-1149-4A19-8A3A-3F1CA7717A6F}.Release|ARM64.ActiveCfg = Release|x64
		{DA1A2266-1149-4A19-8A3A-3F1CA7717A6F}.Release|ARM64.Build.0 = Release|x64
		{DA1A2266-1149-4A19-8A3A-3F1CA7717A6F}.Release|x64.ActiveCfg = Release|x64
		{DA1A2266-1149-4A19-8A3A-3F1CA7717A6F}.Release|x64.Build.0 = Release|x64
		{DA1A2266-1149-4A19-8A3A-3F1CA7717A6F}.Release|x86.ActiveCfg = Release|Win32
		{DA1A2266-1149-4A19-8A3A-3F1CA7717A6F}.Release|x86.Build.0 = Release|Win32
		{9762CC81-D63D-4952-9CBA-F812755C3444}.Debug|Any CPU.ActiveCfg = Debug|x64
		{9762CC81-D63D-4952-9CBA-F812755C3444}.Debug|Any CPU.Build.0 = Debug|x64
		{9762CC81-D63D-4952-9CBA-F812755C3444}.Debug|ARM.ActiveCfg = Debug|x64
		{9762CC81-D63D-4952-9CBA-F812755C3444}.Debug|ARM.Build.0 = Debug|x64
		{9762CC81-D63D-4952-9CBA-F812755C3444}.Debug|ARM64.ActiveCfg = Debug|ARM64
		{9762CC81-D63D-4952-9CBA-F812755C3444}.Debug|ARM64.Build.0 = Debug|ARM64
		{9762CC81-D63D-4952-9CBA-F812755C3444}.Debug|x64.ActiveCfg = Debug|x64
		{9762CC81-D63D-4952-9CBA-F812755C3444}.Debug|x64.Build.0 = Debug|x64
		{9762CC81-D63D-4952-9CBA-F812755C3444}.Debug|x86.ActiveCfg = Debug|Win32
		{9762CC81-D63D-4952-9CBA-F812755C3444}.Debug|x86.Build.0 = Debug|Win32
		{9762CC81-D63D-4952-9CBA-F812755C3444}.Release|Any CPU.ActiveCfg = Release|x64
		{9762CC81-D63D-4952-9CBA-F812755C3444}.Release|Any CPU.Build.0 = Release|x64
		{9762CC81-D63D-4952-9CBA-F812755C3444}.Release|ARM.ActiveCfg = Release|x64
		{9762CC81-D63D-4952-9CBA-F812755C3444}.Release|ARM.Build.0 = Release|x64
		{9762CC81-D63D-4952-9CBA-F812755C3444}.Release|ARM64.ActiveCfg = Release|ARM64
		{9762CC81-D63D-4952-9CBA-F812755C3444}.Release|ARM64.Build.0 = Release|ARM64
		{9762CC81-D63D-4952-9CBA-F812755C3444}.Release|x64.ActiveCfg = Release|x64
		{9762CC81-D63D-4952-9CBA-F812755C3444}.Release|x64.Build.0 = Release|x64
		{9762CC81-D63D-4952-9CBA-F812755C3444}.Release|x86.ActiveCfg = Release|Win32
		{9762CC81-D63D-4952-9CBA-F812755C3444}.Release|x86.Build.0 = Release|Win32
		{395D85CB-BCDA-4232-AA5E-C7CC30C42C2D}.Debug|Any CPU.ActiveCfg = Debug|Any CPU
		{395D85CB-BCDA-4232-AA5E-C7CC30C42C2D}.Debug|Any CPU.Build.0 = Debug|Any CPU
		{395D85CB-BCDA-4232-AA5E-C7CC30C42C2D}.Debug|ARM.ActiveCfg = Debug|ARM
		{395D85CB-BCDA-4232-AA5E-C7CC30C42C2D}.Debug|ARM.Build.0 = Debug|ARM
		{395D85CB-BCDA-4232-AA5E-C7CC30C42C2D}.Debug|ARM64.ActiveCfg = Debug|ARM64
		{395D85CB-BCDA-4232-AA5E-C7CC30C42C2D}.Debug|ARM64.Build.0 = Debug|ARM64
		{395D85CB-BCDA-4232-AA5E-C7CC30C42C2D}.Debug|x64.ActiveCfg = Debug|x64
		{395D85CB-BCDA-4232-AA5E-C7CC30C42C2D}.Debug|x64.Build.0 = Debug|x64
		{395D85CB-BCDA-4232-AA5E-C7CC30C42C2D}.Debug|x86.ActiveCfg = Debug|x86
		{395D85CB-BCDA-4232-AA5E-C7CC30C42C2D}.Debug|x86.Build.0 = Debug|x86
		{395D85CB-BCDA-4232-AA5E-C7CC30C42C2D}.Release|Any CPU.ActiveCfg = Release|Any CPU
		{395D85CB-BCDA-4232-AA5E-C7CC30C42C2D}.Release|Any CPU.Build.0 = Release|Any CPU
		{395D85CB-BCDA-4232-AA5E-C7CC30C42C2D}.Release|ARM.ActiveCfg = Release|ARM
		{395D85CB-BCDA-4232-AA5E-C7CC30C42C2D}.Release|ARM.Build.0 = Release|ARM
		{395D85CB-BCDA-4232-AA5E-C7CC30C42C2D}.Release|ARM64.ActiveCfg = Release|ARM64
		{395D85CB-BCDA-4232-AA5E-C7CC30C42C2D}.Release|ARM64.Build.0 = Release|ARM64
		{395D85CB-BCDA-4232-AA5E-C7CC30C42C2D}.Release|x64.ActiveCfg = Release|x64
		{395D85CB-BCDA-4232-AA5E-C7CC30C42C2D}.Release|x64.Build.0 = Release|x64
		{395D85CB-BCDA-4232-AA5E-C7CC30C42C2D}.Release|x86.ActiveCfg = Release|x86
		{395D85CB-BCDA-4232-AA5E-C7CC30C42C2D}.Release|x86.Build.0 = Release|x86
	EndGlobalSection
	GlobalSection(SolutionProperties) = preSolution
		HideSolutionNode = FALSE
	EndGlobalSection
	GlobalSection(NestedProjects) = preSolution
		{0238026F-9564-418E-998F-16F4AAC9EBC3} = {38DFBC26-4754-45B0-A36C-6C62BA156E2B}
		{AA22FAC8-90D0-4FBE-B413-6C9E99A3E3E1} = {38DFBC26-4754-45B0-A36C-6C62BA156E2B}
	EndGlobalSection
	GlobalSection(ExtensibilityGlobals) = postSolution
		SolutionGuid = {8A035CBB-81CA-440F-B135-B44184574F05}
	EndGlobalSection
EndGlobal
