
Microsoft Visual Studio Solution File, Format Version 12.00
# Visual Studio Version 16
VisualStudioVersion = 16.0.28803.156
MinimumVisualStudioVersion = 10.0.40219.1
Project("{9A19103F-16F7-4668-BE54-9A1E7A4F7556}") = "Yugen.Toolkit.Web.TokenProvider", "Yugen.Toolkit.Web.TokenProvider\Yugen.Toolkit.Web.TokenProvider.csproj", "{60110756-63B8-4263-BD1A-2492A04BF37B}"
EndProject
Project("{9A19103F-16F7-4668-BE54-9A1E7A4F7556}") = "Yugen.Toolkit.Standard", "Yugen.Toolkit.Standard\Yugen.Toolkit.Standard.csproj", "{01B7D7DF-9C32-425D-9B53-737519345032}"
EndProject
Project("{FAE04EC0-301F-11D3-BF4B-00C04F79EFBC}") = "Yugen.Toolkit.Uwp", "Yugen.Toolkit.Uwp\Yugen.Toolkit.Uwp.csproj", "{E535535B-B033-4F77-BD09-2C6EF2054B5D}"
EndProject
Project("{FAE04EC0-301F-11D3-BF4B-00C04F79EFBC}") = "Yugen.Toolkit.Uwp.Samples", "Yugen.Toolkit.Uwp.Samples\Yugen.Toolkit.Uwp.Samples.csproj", "{9FB8D2FD-2C73-4E1F-B428-F6029B78E42B}"
EndProject
Project("{9A19103F-16F7-4668-BE54-9A1E7A4F7556}") = "Yugen.Toolkit.Standard.Data", "Yugen.Toolkit.Standard.Data\Yugen.Toolkit.Standard.Data.csproj", "{3F42AE3F-E4F8-4F91-BA04-10290C4B9B29}"
EndProject
Project("{9A19103F-16F7-4668-BE54-9A1E7A4F7556}") = "Yugen.Toolkit.Standard.Printer", "Yugen.Toolkit.Standard.Printer\Yugen.Toolkit.Standard.Printer.csproj", "{A82DDA02-DDE6-4177-9CE8-4892C9DE2BDF}"
EndProject
Project("{FAE04EC0-301F-11D3-BF4B-00C04F79EFBC}") = "Yugen.Toolkit.Uwp.Printer", "Yugen.Toolkit.Uwp.Printer\Yugen.Toolkit.Uwp.Printer.csproj", "{D6CBD581-1DBC-45A1-9B0F-2B3CA23AB792}"
EndProject
Project("{FAE04EC0-301F-11D3-BF4B-00C04F79EFBC}") = "Yugen.Toolkit.Uwp.Controls", "Yugen.Toolkit.Uwp.Controls\Yugen.Toolkit.Uwp.Controls.csproj", "{F41590BA-11B3-4A1F-8374-A7DE83D58DC7}"
EndProject
Project("{9A19103F-16F7-4668-BE54-9A1E7A4F7556}") = "Yugen.Toolkit.Standard.Security", "Yugen.Toolkit.Standard.Security\Yugen.Toolkit.Standard.Security.csproj", "{B7CE6823-4B61-4215-9382-F229822847E8}"
EndProject
Project("{2150E333-8FDC-42A3-9474-1A3956D46DE8}") = ".github", ".github", "{FBFFFB30-2C0E-4868-A203-D71F8918CD59}"
	ProjectSection(SolutionItems) = preProject
		.github\workflows\nugetStandard.yml = .github\workflows\nugetStandard.yml
		.github\workflows\nugetUwp.yml = .github\workflows\nugetUwp.yml
		.github\workflows\nugetUwpControls.yml = .github\workflows\nugetUwpControls.yml
	EndProjectSection
EndProject
Project("{FAE04EC0-301F-11D3-BF4B-00C04F79EFBC}") = "Yugen.Toolkit.Core.Sample", "Yugen.Toolkit.Core.Sample\Yugen.Toolkit.Core.Sample.csproj", "{34585211-EDC5-4B82-8583-DD32226C171C}"
EndProject
Project("{FAE04EC0-301F-11D3-BF4B-00C04F79EFBC}") = "Yugen.Toolkit.Standard.Data.Sample", "Yugen.Toolkit.Standard.Data.Sample\Yugen.Toolkit.Standard.Data.Sample.csproj", "{48DB5037-A032-45A9-B30F-761C7D3AA5C8}"
EndProject
Global
	GlobalSection(SolutionConfigurationPlatforms) = preSolution
		Debug|Any CPU = Debug|Any CPU
		Debug|ARM = Debug|ARM
		Debug|ARM64 = Debug|ARM64
		Debug|x64 = Debug|x64
		Debug|x86 = Debug|x86
		Release|Any CPU = Release|Any CPU
		Release|ARM = Release|ARM
		Release|ARM64 = Release|ARM64
		Release|x64 = Release|x64
		Release|x86 = Release|x86
	EndGlobalSection
	GlobalSection(ProjectConfigurationPlatforms) = postSolution
		{60110756-63B8-4263-BD1A-2492A04BF37B}.Debug|Any CPU.ActiveCfg = Debug|Any CPU
		{60110756-63B8-4263-BD1A-2492A04BF37B}.Debug|Any CPU.Build.0 = Debug|Any CPU
		{60110756-63B8-4263-BD1A-2492A04BF37B}.Debug|ARM.ActiveCfg = Debug|Any CPU
		{60110756-63B8-4263-BD1A-2492A04BF37B}.Debug|ARM.Build.0 = Debug|Any CPU
		{60110756-63B8-4263-BD1A-2492A04BF37B}.Debug|ARM64.ActiveCfg = Debug|Any CPU
		{60110756-63B8-4263-BD1A-2492A04BF37B}.Debug|ARM64.Build.0 = Debug|Any CPU
		{60110756-63B8-4263-BD1A-2492A04BF37B}.Debug|x64.ActiveCfg = Debug|Any CPU
		{60110756-63B8-4263-BD1A-2492A04BF37B}.Debug|x64.Build.0 = Debug|Any CPU
		{60110756-63B8-4263-BD1A-2492A04BF37B}.Debug|x86.ActiveCfg = Debug|Any CPU
		{60110756-63B8-4263-BD1A-2492A04BF37B}.Debug|x86.Build.0 = Debug|Any CPU
		{60110756-63B8-4263-BD1A-2492A04BF37B}.Release|Any CPU.ActiveCfg = Release|Any CPU
		{60110756-63B8-4263-BD1A-2492A04BF37B}.Release|Any CPU.Build.0 = Release|Any CPU
		{60110756-63B8-4263-BD1A-2492A04BF37B}.Release|ARM.ActiveCfg = Release|Any CPU
		{60110756-63B8-4263-BD1A-2492A04BF37B}.Release|ARM.Build.0 = Release|Any CPU
		{60110756-63B8-4263-BD1A-2492A04BF37B}.Release|ARM64.ActiveCfg = Release|Any CPU
		{60110756-63B8-4263-BD1A-2492A04BF37B}.Release|ARM64.Build.0 = Release|Any CPU
		{60110756-63B8-4263-BD1A-2492A04BF37B}.Release|x64.ActiveCfg = Release|Any CPU
		{60110756-63B8-4263-BD1A-2492A04BF37B}.Release|x64.Build.0 = Release|Any CPU
		{60110756-63B8-4263-BD1A-2492A04BF37B}.Release|x86.ActiveCfg = Release|Any CPU
		{60110756-63B8-4263-BD1A-2492A04BF37B}.Release|x86.Build.0 = Release|Any CPU
		{01B7D7DF-9C32-425D-9B53-737519345032}.Debug|Any CPU.ActiveCfg = Debug|Any CPU
		{01B7D7DF-9C32-425D-9B53-737519345032}.Debug|Any CPU.Build.0 = Debug|Any CPU
		{01B7D7DF-9C32-425D-9B53-737519345032}.Debug|ARM.ActiveCfg = Debug|Any CPU
		{01B7D7DF-9C32-425D-9B53-737519345032}.Debug|ARM.Build.0 = Debug|Any CPU
		{01B7D7DF-9C32-425D-9B53-737519345032}.Debug|ARM64.ActiveCfg = Debug|Any CPU
		{01B7D7DF-9C32-425D-9B53-737519345032}.Debug|ARM64.Build.0 = Debug|Any CPU
		{01B7D7DF-9C32-425D-9B53-737519345032}.Debug|x64.ActiveCfg = Debug|Any CPU
		{01B7D7DF-9C32-425D-9B53-737519345032}.Debug|x64.Build.0 = Debug|Any CPU
		{01B7D7DF-9C32-425D-9B53-737519345032}.Debug|x86.ActiveCfg = Debug|Any CPU
		{01B7D7DF-9C32-425D-9B53-737519345032}.Debug|x86.Build.0 = Debug|Any CPU
		{01B7D7DF-9C32-425D-9B53-737519345032}.Release|Any CPU.ActiveCfg = Release|Any CPU
		{01B7D7DF-9C32-425D-9B53-737519345032}.Release|Any CPU.Build.0 = Release|Any CPU
		{01B7D7DF-9C32-425D-9B53-737519345032}.Release|ARM.ActiveCfg = Release|Any CPU
		{01B7D7DF-9C32-425D-9B53-737519345032}.Release|ARM.Build.0 = Release|Any CPU
		{01B7D7DF-9C32-425D-9B53-737519345032}.Release|ARM64.ActiveCfg = Release|Any CPU
		{01B7D7DF-9C32-425D-9B53-737519345032}.Release|ARM64.Build.0 = Release|Any CPU
		{01B7D7DF-9C32-425D-9B53-737519345032}.Release|x64.ActiveCfg = Release|Any CPU
		{01B7D7DF-9C32-425D-9B53-737519345032}.Release|x64.Build.0 = Release|Any CPU
		{01B7D7DF-9C32-425D-9B53-737519345032}.Release|x86.ActiveCfg = Release|Any CPU
		{01B7D7DF-9C32-425D-9B53-737519345032}.Release|x86.Build.0 = Release|Any CPU
		{E535535B-B033-4F77-BD09-2C6EF2054B5D}.Debug|Any CPU.ActiveCfg = Debug|Any CPU
		{E535535B-B033-4F77-BD09-2C6EF2054B5D}.Debug|Any CPU.Build.0 = Debug|Any CPU
		{E535535B-B033-4F77-BD09-2C6EF2054B5D}.Debug|ARM.ActiveCfg = Debug|ARM
		{E535535B-B033-4F77-BD09-2C6EF2054B5D}.Debug|ARM.Build.0 = Debug|ARM
		{E535535B-B033-4F77-BD09-2C6EF2054B5D}.Debug|ARM64.ActiveCfg = Debug|ARM64
		{E535535B-B033-4F77-BD09-2C6EF2054B5D}.Debug|ARM64.Build.0 = Debug|ARM64
		{E535535B-B033-4F77-BD09-2C6EF2054B5D}.Debug|x64.ActiveCfg = Debug|x64
		{E535535B-B033-4F77-BD09-2C6EF2054B5D}.Debug|x64.Build.0 = Debug|x64
		{E535535B-B033-4F77-BD09-2C6EF2054B5D}.Debug|x86.ActiveCfg = Debug|x86
		{E535535B-B033-4F77-BD09-2C6EF2054B5D}.Debug|x86.Build.0 = Debug|x86
		{E535535B-B033-4F77-BD09-2C6EF2054B5D}.Release|Any CPU.ActiveCfg = Release|Any CPU
		{E535535B-B033-4F77-BD09-2C6EF2054B5D}.Release|Any CPU.Build.0 = Release|Any CPU
		{E535535B-B033-4F77-BD09-2C6EF2054B5D}.Release|ARM.ActiveCfg = Release|ARM
		{E535535B-B033-4F77-BD09-2C6EF2054B5D}.Release|ARM.Build.0 = Release|ARM
		{E535535B-B033-4F77-BD09-2C6EF2054B5D}.Release|ARM64.ActiveCfg = Release|ARM64
		{E535535B-B033-4F77-BD09-2C6EF2054B5D}.Release|ARM64.Build.0 = Release|ARM64
		{E535535B-B033-4F77-BD09-2C6EF2054B5D}.Release|x64.ActiveCfg = Release|x64
		{E535535B-B033-4F77-BD09-2C6EF2054B5D}.Release|x64.Build.0 = Release|x64
		{E535535B-B033-4F77-BD09-2C6EF2054B5D}.Release|x86.ActiveCfg = Release|x86
		{E535535B-B033-4F77-BD09-2C6EF2054B5D}.Release|x86.Build.0 = Release|x86
		{9FB8D2FD-2C73-4E1F-B428-F6029B78E42B}.Debug|Any CPU.ActiveCfg = Debug|x86
		{9FB8D2FD-2C73-4E1F-B428-F6029B78E42B}.Debug|ARM.ActiveCfg = Debug|ARM
		{9FB8D2FD-2C73-4E1F-B428-F6029B78E42B}.Debug|ARM.Build.0 = Debug|ARM
		{9FB8D2FD-2C73-4E1F-B428-F6029B78E42B}.Debug|ARM.Deploy.0 = Debug|ARM
		{9FB8D2FD-2C73-4E1F-B428-F6029B78E42B}.Debug|ARM64.ActiveCfg = Debug|ARM64
		{9FB8D2FD-2C73-4E1F-B428-F6029B78E42B}.Debug|ARM64.Build.0 = Debug|ARM64
		{9FB8D2FD-2C73-4E1F-B428-F6029B78E42B}.Debug|ARM64.Deploy.0 = Debug|ARM64
		{9FB8D2FD-2C73-4E1F-B428-F6029B78E42B}.Debug|x64.ActiveCfg = Debug|x64
		{9FB8D2FD-2C73-4E1F-B428-F6029B78E42B}.Debug|x64.Build.0 = Debug|x64
		{9FB8D2FD-2C73-4E1F-B428-F6029B78E42B}.Debug|x64.Deploy.0 = Debug|x64
		{9FB8D2FD-2C73-4E1F-B428-F6029B78E42B}.Debug|x86.ActiveCfg = Debug|x86
		{9FB8D2FD-2C73-4E1F-B428-F6029B78E42B}.Debug|x86.Build.0 = Debug|x86
		{9FB8D2FD-2C73-4E1F-B428-F6029B78E42B}.Debug|x86.Deploy.0 = Debug|x86
		{9FB8D2FD-2C73-4E1F-B428-F6029B78E42B}.Release|Any CPU.ActiveCfg = Release|x86
		{9FB8D2FD-2C73-4E1F-B428-F6029B78E42B}.Release|ARM.ActiveCfg = Release|ARM
		{9FB8D2FD-2C73-4E1F-B428-F6029B78E42B}.Release|ARM.Build.0 = Release|ARM
		{9FB8D2FD-2C73-4E1F-B428-F6029B78E42B}.Release|ARM.Deploy.0 = Release|ARM
		{9FB8D2FD-2C73-4E1F-B428-F6029B78E42B}.Release|ARM64.ActiveCfg = Release|ARM64
		{9FB8D2FD-2C73-4E1F-B428-F6029B78E42B}.Release|ARM64.Build.0 = Release|ARM64
		{9FB8D2FD-2C73-4E1F-B428-F6029B78E42B}.Release|ARM64.Deploy.0 = Release|ARM64
		{9FB8D2FD-2C73-4E1F-B428-F6029B78E42B}.Release|x64.ActiveCfg = Release|x64
		{9FB8D2FD-2C73-4E1F-B428-F6029B78E42B}.Release|x64.Build.0 = Release|x64
		{9FB8D2FD-2C73-4E1F-B428-F6029B78E42B}.Release|x64.Deploy.0 = Release|x64
		{9FB8D2FD-2C73-4E1F-B428-F6029B78E42B}.Release|x86.ActiveCfg = Release|x86
		{9FB8D2FD-2C73-4E1F-B428-F6029B78E42B}.Release|x86.Build.0 = Release|x86
		{9FB8D2FD-2C73-4E1F-B428-F6029B78E42B}.Release|x86.Deploy.0 = Release|x86
		{3F42AE3F-E4F8-4F91-BA04-10290C4B9B29}.Debug|Any CPU.ActiveCfg = Debug|Any CPU
		{3F42AE3F-E4F8-4F91-BA04-10290C4B9B29}.Debug|Any CPU.Build.0 = Debug|Any CPU
		{3F42AE3F-E4F8-4F91-BA04-10290C4B9B29}.Debug|ARM.ActiveCfg = Debug|Any CPU
		{3F42AE3F-E4F8-4F91-BA04-10290C4B9B29}.Debug|ARM.Build.0 = Debug|Any CPU
		{3F42AE3F-E4F8-4F91-BA04-10290C4B9B29}.Debug|ARM64.ActiveCfg = Debug|Any CPU
		{3F42AE3F-E4F8-4F91-BA04-10290C4B9B29}.Debug|ARM64.Build.0 = Debug|Any CPU
		{3F42AE3F-E4F8-4F91-BA04-10290C4B9B29}.Debug|x64.ActiveCfg = Debug|Any CPU
		{3F42AE3F-E4F8-4F91-BA04-10290C4B9B29}.Debug|x64.Build.0 = Debug|Any CPU
		{3F42AE3F-E4F8-4F91-BA04-10290C4B9B29}.Debug|x86.ActiveCfg = Debug|Any CPU
		{3F42AE3F-E4F8-4F91-BA04-10290C4B9B29}.Debug|x86.Build.0 = Debug|Any CPU
		{3F42AE3F-E4F8-4F91-BA04-10290C4B9B29}.Release|Any CPU.ActiveCfg = Release|Any CPU
		{3F42AE3F-E4F8-4F91-BA04-10290C4B9B29}.Release|Any CPU.Build.0 = Release|Any CPU
		{3F42AE3F-E4F8-4F91-BA04-10290C4B9B29}.Release|ARM.ActiveCfg = Release|Any CPU
		{3F42AE3F-E4F8-4F91-BA04-10290C4B9B29}.Release|ARM.Build.0 = Release|Any CPU
		{3F42AE3F-E4F8-4F91-BA04-10290C4B9B29}.Release|ARM64.ActiveCfg = Release|Any CPU
		{3F42AE3F-E4F8-4F91-BA04-10290C4B9B29}.Release|ARM64.Build.0 = Release|Any CPU
		{3F42AE3F-E4F8-4F91-BA04-10290C4B9B29}.Release|x64.ActiveCfg = Release|Any CPU
		{3F42AE3F-E4F8-4F91-BA04-10290C4B9B29}.Release|x64.Build.0 = Release|Any CPU
		{3F42AE3F-E4F8-4F91-BA04-10290C4B9B29}.Release|x86.ActiveCfg = Release|Any CPU
		{3F42AE3F-E4F8-4F91-BA04-10290C4B9B29}.Release|x86.Build.0 = Release|Any CPU
		{A82DDA02-DDE6-4177-9CE8-4892C9DE2BDF}.Debug|Any CPU.ActiveCfg = Debug|Any CPU
		{A82DDA02-DDE6-4177-9CE8-4892C9DE2BDF}.Debug|Any CPU.Build.0 = Debug|Any CPU
		{A82DDA02-DDE6-4177-9CE8-4892C9DE2BDF}.Debug|ARM.ActiveCfg = Debug|Any CPU
		{A82DDA02-DDE6-4177-9CE8-4892C9DE2BDF}.Debug|ARM.Build.0 = Debug|Any CPU
		{A82DDA02-DDE6-4177-9CE8-4892C9DE2BDF}.Debug|ARM64.ActiveCfg = Debug|Any CPU
		{A82DDA02-DDE6-4177-9CE8-4892C9DE2BDF}.Debug|ARM64.Build.0 = Debug|Any CPU
		{A82DDA02-DDE6-4177-9CE8-4892C9DE2BDF}.Debug|x64.ActiveCfg = Debug|Any CPU
		{A82DDA02-DDE6-4177-9CE8-4892C9DE2BDF}.Debug|x64.Build.0 = Debug|Any CPU
		{A82DDA02-DDE6-4177-9CE8-4892C9DE2BDF}.Debug|x86.ActiveCfg = Debug|Any CPU
		{A82DDA02-DDE6-4177-9CE8-4892C9DE2BDF}.Debug|x86.Build.0 = Debug|Any CPU
		{A82DDA02-DDE6-4177-9CE8-4892C9DE2BDF}.Release|Any CPU.ActiveCfg = Release|Any CPU
		{A82DDA02-DDE6-4177-9CE8-4892C9DE2BDF}.Release|Any CPU.Build.0 = Release|Any CPU
		{A82DDA02-DDE6-4177-9CE8-4892C9DE2BDF}.Release|ARM.ActiveCfg = Release|Any CPU
		{A82DDA02-DDE6-4177-9CE8-4892C9DE2BDF}.Release|ARM.Build.0 = Release|Any CPU
		{A82DDA02-DDE6-4177-9CE8-4892C9DE2BDF}.Release|ARM64.ActiveCfg = Release|Any CPU
		{A82DDA02-DDE6-4177-9CE8-4892C9DE2BDF}.Release|ARM64.Build.0 = Release|Any CPU
		{A82DDA02-DDE6-4177-9CE8-4892C9DE2BDF}.Release|x64.ActiveCfg = Release|Any CPU
		{A82DDA02-DDE6-4177-9CE8-4892C9DE2BDF}.Release|x64.Build.0 = Release|Any CPU
		{A82DDA02-DDE6-4177-9CE8-4892C9DE2BDF}.Release|x86.ActiveCfg = Release|Any CPU
		{A82DDA02-DDE6-4177-9CE8-4892C9DE2BDF}.Release|x86.Build.0 = Release|Any CPU
		{D6CBD581-1DBC-45A1-9B0F-2B3CA23AB792}.Debug|Any CPU.ActiveCfg = Debug|Any CPU
		{D6CBD581-1DBC-45A1-9B0F-2B3CA23AB792}.Debug|Any CPU.Build.0 = Debug|Any CPU
		{D6CBD581-1DBC-45A1-9B0F-2B3CA23AB792}.Debug|ARM.ActiveCfg = Debug|ARM
		{D6CBD581-1DBC-45A1-9B0F-2B3CA23AB792}.Debug|ARM.Build.0 = Debug|ARM
		{D6CBD581-1DBC-45A1-9B0F-2B3CA23AB792}.Debug|ARM64.ActiveCfg = Debug|ARM64
		{D6CBD581-1DBC-45A1-9B0F-2B3CA23AB792}.Debug|ARM64.Build.0 = Debug|ARM64
		{D6CBD581-1DBC-45A1-9B0F-2B3CA23AB792}.Debug|x64.ActiveCfg = Debug|x64
		{D6CBD581-1DBC-45A1-9B0F-2B3CA23AB792}.Debug|x64.Build.0 = Debug|x64
		{D6CBD581-1DBC-45A1-9B0F-2B3CA23AB792}.Debug|x86.ActiveCfg = Debug|x86
		{D6CBD581-1DBC-45A1-9B0F-2B3CA23AB792}.Debug|x86.Build.0 = Debug|x86
		{D6CBD581-1DBC-45A1-9B0F-2B3CA23AB792}.Release|Any CPU.ActiveCfg = Release|Any CPU
		{D6CBD581-1DBC-45A1-9B0F-2B3CA23AB792}.Release|Any CPU.Build.0 = Release|Any CPU
		{D6CBD581-1DBC-45A1-9B0F-2B3CA23AB792}.Release|ARM.ActiveCfg = Release|ARM
		{D6CBD581-1DBC-45A1-9B0F-2B3CA23AB792}.Release|ARM.Build.0 = Release|ARM
		{D6CBD581-1DBC-45A1-9B0F-2B3CA23AB792}.Release|ARM64.ActiveCfg = Release|ARM64
		{D6CBD581-1DBC-45A1-9B0F-2B3CA23AB792}.Release|ARM64.Build.0 = Release|ARM64
		{D6CBD581-1DBC-45A1-9B0F-2B3CA23AB792}.Release|x64.ActiveCfg = Release|x64
		{D6CBD581-1DBC-45A1-9B0F-2B3CA23AB792}.Release|x64.Build.0 = Release|x64
		{D6CBD581-1DBC-45A1-9B0F-2B3CA23AB792}.Release|x86.ActiveCfg = Release|x86
		{D6CBD581-1DBC-45A1-9B0F-2B3CA23AB792}.Release|x86.Build.0 = Release|x86
		{F41590BA-11B3-4A1F-8374-A7DE83D58DC7}.Debug|Any CPU.ActiveCfg = Debug|Any CPU
		{F41590BA-11B3-4A1F-8374-A7DE83D58DC7}.Debug|Any CPU.Build.0 = Debug|Any CPU
		{F41590BA-11B3-4A1F-8374-A7DE83D58DC7}.Debug|ARM.ActiveCfg = Debug|ARM
		{F41590BA-11B3-4A1F-8374-A7DE83D58DC7}.Debug|ARM.Build.0 = Debug|ARM
		{F41590BA-11B3-4A1F-8374-A7DE83D58DC7}.Debug|ARM64.ActiveCfg = Debug|ARM64
		{F41590BA-11B3-4A1F-8374-A7DE83D58DC7}.Debug|ARM64.Build.0 = Debug|ARM64
		{F41590BA-11B3-4A1F-8374-A7DE83D58DC7}.Debug|x64.ActiveCfg = Debug|x64
		{F41590BA-11B3-4A1F-8374-A7DE83D58DC7}.Debug|x64.Build.0 = Debug|x64
		{F41590BA-11B3-4A1F-8374-A7DE83D58DC7}.Debug|x86.ActiveCfg = Debug|x86
		{F41590BA-11B3-4A1F-8374-A7DE83D58DC7}.Debug|x86.Build.0 = Debug|x86
		{F41590BA-11B3-4A1F-8374-A7DE83D58DC7}.Release|Any CPU.ActiveCfg = Release|Any CPU
		{F41590BA-11B3-4A1F-8374-A7DE83D58DC7}.Release|Any CPU.Build.0 = Release|Any CPU
		{F41590BA-11B3-4A1F-8374-A7DE83D58DC7}.Release|ARM.ActiveCfg = Release|ARM
		{F41590BA-11B3-4A1F-8374-A7DE83D58DC7}.Release|ARM.Build.0 = Release|ARM
		{F41590BA-11B3-4A1F-8374-A7DE83D58DC7}.Release|ARM64.ActiveCfg = Release|ARM64
		{F41590BA-11B3-4A1F-8374-A7DE83D58DC7}.Release|ARM64.Build.0 = Release|ARM64
		{F41590BA-11B3-4A1F-8374-A7DE83D58DC7}.Release|x64.ActiveCfg = Release|x64
		{F41590BA-11B3-4A1F-8374-A7DE83D58DC7}.Release|x64.Build.0 = Release|x64
		{F41590BA-11B3-4A1F-8374-A7DE83D58DC7}.Release|x86.ActiveCfg = Release|x86
		{F41590BA-11B3-4A1F-8374-A7DE83D58DC7}.Release|x86.Build.0 = Release|x86
		{B7CE6823-4B61-4215-9382-F229822847E8}.Debug|Any CPU.ActiveCfg = Debug|Any CPU
		{B7CE6823-4B61-4215-9382-F229822847E8}.Debug|Any CPU.Build.0 = Debug|Any CPU
		{B7CE6823-4B61-4215-9382-F229822847E8}.Debug|ARM.ActiveCfg = Debug|Any CPU
		{B7CE6823-4B61-4215-9382-F229822847E8}.Debug|ARM.Build.0 = Debug|Any CPU
		{B7CE6823-4B61-4215-9382-F229822847E8}.Debug|ARM64.ActiveCfg = Debug|Any CPU
		{B7CE6823-4B61-4215-9382-F229822847E8}.Debug|ARM64.Build.0 = Debug|Any CPU
		{B7CE6823-4B61-4215-9382-F229822847E8}.Debug|x64.ActiveCfg = Debug|Any CPU
		{B7CE6823-4B61-4215-9382-F229822847E8}.Debug|x64.Build.0 = Debug|Any CPU
		{B7CE6823-4B61-4215-9382-F229822847E8}.Debug|x86.ActiveCfg = Debug|Any CPU
		{B7CE6823-4B61-4215-9382-F229822847E8}.Debug|x86.Build.0 = Debug|Any CPU
		{B7CE6823-4B61-4215-9382-F229822847E8}.Release|Any CPU.ActiveCfg = Release|Any CPU
		{B7CE6823-4B61-4215-9382-F229822847E8}.Release|Any CPU.Build.0 = Release|Any CPU
		{B7CE6823-4B61-4215-9382-F229822847E8}.Release|ARM.ActiveCfg = Release|Any CPU
		{B7CE6823-4B61-4215-9382-F229822847E8}.Release|ARM.Build.0 = Release|Any CPU
		{B7CE6823-4B61-4215-9382-F229822847E8}.Release|ARM64.ActiveCfg = Release|Any CPU
		{B7CE6823-4B61-4215-9382-F229822847E8}.Release|ARM64.Build.0 = Release|Any CPU
		{B7CE6823-4B61-4215-9382-F229822847E8}.Release|x64.ActiveCfg = Release|Any CPU
		{B7CE6823-4B61-4215-9382-F229822847E8}.Release|x64.Build.0 = Release|Any CPU
		{B7CE6823-4B61-4215-9382-F229822847E8}.Release|x86.ActiveCfg = Release|Any CPU
		{B7CE6823-4B61-4215-9382-F229822847E8}.Release|x86.Build.0 = Release|Any CPU
		{34585211-EDC5-4B82-8583-DD32226C171C}.Debug|Any CPU.ActiveCfg = Debug|Any CPU
		{34585211-EDC5-4B82-8583-DD32226C171C}.Debug|Any CPU.Build.0 = Debug|Any CPU
		{34585211-EDC5-4B82-8583-DD32226C171C}.Debug|ARM.ActiveCfg = Debug|Any CPU
		{34585211-EDC5-4B82-8583-DD32226C171C}.Debug|ARM.Build.0 = Debug|Any CPU
		{34585211-EDC5-4B82-8583-DD32226C171C}.Debug|ARM64.ActiveCfg = Debug|Any CPU
		{34585211-EDC5-4B82-8583-DD32226C171C}.Debug|ARM64.Build.0 = Debug|Any CPU
		{34585211-EDC5-4B82-8583-DD32226C171C}.Debug|x64.ActiveCfg = Debug|Any CPU
		{34585211-EDC5-4B82-8583-DD32226C171C}.Debug|x64.Build.0 = Debug|Any CPU
		{34585211-EDC5-4B82-8583-DD32226C171C}.Debug|x86.ActiveCfg = Debug|Any CPU
		{34585211-EDC5-4B82-8583-DD32226C171C}.Debug|x86.Build.0 = Debug|Any CPU
		{34585211-EDC5-4B82-8583-DD32226C171C}.Release|Any CPU.ActiveCfg = Release|Any CPU
		{34585211-EDC5-4B82-8583-DD32226C171C}.Release|Any CPU.Build.0 = Release|Any CPU
		{34585211-EDC5-4B82-8583-DD32226C171C}.Release|ARM.ActiveCfg = Release|Any CPU
		{34585211-EDC5-4B82-8583-DD32226C171C}.Release|ARM.Build.0 = Release|Any CPU
		{34585211-EDC5-4B82-8583-DD32226C171C}.Release|ARM64.ActiveCfg = Release|Any CPU
		{34585211-EDC5-4B82-8583-DD32226C171C}.Release|ARM64.Build.0 = Release|Any CPU
		{34585211-EDC5-4B82-8583-DD32226C171C}.Release|x64.ActiveCfg = Release|Any CPU
		{34585211-EDC5-4B82-8583-DD32226C171C}.Release|x64.Build.0 = Release|Any CPU
		{34585211-EDC5-4B82-8583-DD32226C171C}.Release|x86.ActiveCfg = Release|Any CPU
		{34585211-EDC5-4B82-8583-DD32226C171C}.Release|x86.Build.0 = Release|Any CPU
		{48DB5037-A032-45A9-B30F-761C7D3AA5C8}.Debug|Any CPU.ActiveCfg = Debug|Any CPU
		{48DB5037-A032-45A9-B30F-761C7D3AA5C8}.Debug|Any CPU.Build.0 = Debug|Any CPU
		{48DB5037-A032-45A9-B30F-761C7D3AA5C8}.Debug|ARM.ActiveCfg = Debug|Any CPU
		{48DB5037-A032-45A9-B30F-761C7D3AA5C8}.Debug|ARM.Build.0 = Debug|Any CPU
		{48DB5037-A032-45A9-B30F-761C7D3AA5C8}.Debug|ARM64.ActiveCfg = Debug|Any CPU
		{48DB5037-A032-45A9-B30F-761C7D3AA5C8}.Debug|ARM64.Build.0 = Debug|Any CPU
		{48DB5037-A032-45A9-B30F-761C7D3AA5C8}.Debug|x64.ActiveCfg = Debug|Any CPU
		{48DB5037-A032-45A9-B30F-761C7D3AA5C8}.Debug|x64.Build.0 = Debug|Any CPU
		{48DB5037-A032-45A9-B30F-761C7D3AA5C8}.Debug|x86.ActiveCfg = Debug|Any CPU
		{48DB5037-A032-45A9-B30F-761C7D3AA5C8}.Debug|x86.Build.0 = Debug|Any CPU
		{48DB5037-A032-45A9-B30F-761C7D3AA5C8}.Release|Any CPU.ActiveCfg = Release|Any CPU
		{48DB5037-A032-45A9-B30F-761C7D3AA5C8}.Release|Any CPU.Build.0 = Release|Any CPU
		{48DB5037-A032-45A9-B30F-761C7D3AA5C8}.Release|ARM.ActiveCfg = Release|Any CPU
		{48DB5037-A032-45A9-B30F-761C7D3AA5C8}.Release|ARM.Build.0 = Release|Any CPU
		{48DB5037-A032-45A9-B30F-761C7D3AA5C8}.Release|ARM64.ActiveCfg = Release|Any CPU
		{48DB5037-A032-45A9-B30F-761C7D3AA5C8}.Release|ARM64.Build.0 = Release|Any CPU
		{48DB5037-A032-45A9-B30F-761C7D3AA5C8}.Release|x64.ActiveCfg = Release|Any CPU
		{48DB5037-A032-45A9-B30F-761C7D3AA5C8}.Release|x64.Build.0 = Release|Any CPU
		{48DB5037-A032-45A9-B30F-761C7D3AA5C8}.Release|x86.ActiveCfg = Release|Any CPU
		{48DB5037-A032-45A9-B30F-761C7D3AA5C8}.Release|x86.Build.0 = Release|Any CPU
	EndGlobalSection
	GlobalSection(SolutionProperties) = preSolution
		HideSolutionNode = FALSE
	EndGlobalSection
	GlobalSection(ExtensibilityGlobals) = postSolution
		SolutionGuid = {8A035CBB-81CA-440F-B135-B44184574F05}
	EndGlobalSection
EndGlobal
